// !$*UTF8*$!
{
	archiveVersion = 1;
	classes = {
	};
	objectVersion = 77;
	objects = {

/* Begin PBXBuildFile section */
		15B1634135F44CC570AB82C6 /* BookmarkManagerView.swift in Sources */ = {isa = PBXBuildFile; fileRef = EFCCD6597CAB4CB8D8606556 /* BookmarkManagerView.swift */; };
		29430B474D2021236E39C5B6 /* main.swift in Sources */ = {isa = PBXBuildFile; fileRef = AB09315943C6C56FCB7A793A /* main.swift */; };
		2DA2C21C83FBACA830864B67 /* TitleOptimizer.swift in Sources */ = {isa = PBXBuildFile; fileRef = 31233297A8D2386A1F929D7F /* TitleOptimizer.swift */; };
		35A49D7E1E4BA0D5C05F2B19 /* AuthenticationGate.swift in Sources */ = {isa = PBXBuildFile; fileRef = 55D0F34E6E67028C35A70B5D /* AuthenticationGate.swift */; };
		3D8BE9863F31799DD0174C53 /* PageMetadataFetcher.swift in Sources */ = {isa = PBXBuildFile; fileRef = F55F4E0731D7BAB6D39F8D61 /* PageMetadataFetcher.swift */; };
		44FB0B5319D7A87100CC244E /* SecureJSONFileCodec.swift in Sources */ = {isa = PBXBuildFile; fileRef = 13BF6BEA31C69C194EDA4180 /* SecureJSONFileCodec.swift */; };
		4C17639E6CE2D3108F402D20 /* PyramidSymbol.svg in Resources */ = {isa = PBXBuildFile; fileRef = 509681F27287617F51AB50DC /* PyramidSymbol.svg */; };
		771606029FB280130260F1C8 /* NativeBookmarkList.swift in Sources */ = {isa = PBXBuildFile; fileRef = DD5F0031058AF63B53049181 /* NativeBookmarkList.swift */; };
		7F72D620794E7727556B6BFC /* UsageStore.swift in Sources */ = {isa = PBXBuildFile; fileRef = A642D47CFF35F328C86BED2B /* UsageStore.swift */; };
		830A2AA9D51B1E36D8551F7E /* AppIcon.png in Resources */ = {isa = PBXBuildFile; fileRef = A32175D6A09B92D80CF46B87 /* AppIcon.png */; };
		87E662B5561A17DDE273F461 /* PrivateBrowserOpener.swift in Sources */ = {isa = PBXBuildFile; fileRef = 7883CADDF47E95D1FA961B47 /* PrivateBrowserOpener.swift */; };
		8F061F1444FA7333BC46397E /* AppIcon.swift in Sources */ = {isa = PBXBuildFile; fileRef = 8805964E6F01487D002B1FE3 /* AppIcon.swift */; };
		962F0013D845889CDC6A26F2 /* ObeliskCore.framework in Embed Frameworks */ = {isa = PBXBuildFile; fileRef = E9B2656A61B0F23E53BD6D70 /* ObeliskCore.framework */; settings = {ATTRIBUTES = (CodeSignOnCopy, RemoveHeadersOnCopy, ); }; };
		A74501105840674C661E0B13 /* ObeliskCore.framework in Frameworks */ = {isa = PBXBuildFile; fileRef = E9B2656A61B0F23E53BD6D70 /* ObeliskCore.framework */; };
		AFCE89519C3E4744F51A11D5 /* BookmarkStore.swift in Sources */ = {isa = PBXBuildFile; fileRef = B81B98BA1E065F67B8414BCD /* BookmarkStore.swift */; };
		B15A96E8018C40B28C9B8F42 /* BookmarkStateStore.swift in Sources */ = {isa = PBXBuildFile; fileRef = C72F1C6F597447F5811E62A9 /* BookmarkStateStore.swift */; };
		B8DB4FE676810AFB3585F890 /* main.swift in Sources */ = {isa = PBXBuildFile; fileRef = 2CC8876E008266E41A7330CC /* main.swift */; };
		C9A817D49E2C8983E4FBD7B3 /* BrowserCurrentTab.swift in Sources */ = {isa = PBXBuildFile; fileRef = 346F0EEB8995B190628E3B68 /* BrowserCurrentTab.swift */; };
		E15A370CFBEEA27E66CFF7B5 /* GlobalHotkey.swift in Sources */ = {isa = PBXBuildFile; fileRef = C8A91EEA47F03FC60C485210 /* GlobalHotkey.swift */; };
		E7F90CBBD4A1F4169AF7EDEC /* BookmarksModel.swift in Sources */ = {isa = PBXBuildFile; fileRef = 7A952C42E2B05C77FABFE099 /* BookmarksModel.swift */; };
		E9E89B222762DCF260DB7671 /* WindowBackgroundBlur.swift in Sources */ = {isa = PBXBuildFile; fileRef = 7A8A7636BBBF6BACD664CD9B /* WindowBackgroundBlur.swift */; };
		F216A045EBCCECAF06DE7656 /* BookmarkManagerWindowController.swift in Sources */ = {isa = PBXBuildFile; fileRef = EFFDB0B95F6B7A6291239186 /* BookmarkManagerWindowController.swift */; };
		F641154171462794A0648C26 /* ObeliskCore.framework in Frameworks */ = {isa = PBXBuildFile; fileRef = E9B2656A61B0F23E53BD6D70 /* ObeliskCore.framework */; };
		F86E896F3DD4C3F3BCD648B8 /* Obelisk.icon in Resources */ = {isa = PBXBuildFile; fileRef = A497B5F26879660FDEBD024D /* Obelisk.icon */; };
		F8C7013C90002440091F954B /* AddBookmarkRequest.swift in Sources */ = {isa = PBXBuildFile; fileRef = EEEDAF7D85C8DC9F8B7F21AA /* AddBookmarkRequest.swift */; };
/* End PBXBuildFile section */

/* Begin PBXContainerItemProxy section */
		BF5BEC48F3AC19B85A1D159C /* PBXContainerItemProxy */ = {
			isa = PBXContainerItemProxy;
			containerPortal = 0E9C444D529A2BDE2A9FEECF /* Project object */;
			proxyType = 1;
			remoteGlobalIDString = E88BF55B9DDEFA8389F5940C;
			remoteInfo = ObeliskCore;
		};
		F2E2B0D56991986107718DF0 /* PBXContainerItemProxy */ = {
			isa = PBXContainerItemProxy;
			containerPortal = 0E9C444D529A2BDE2A9FEECF /* Project object */;
			proxyType = 1;
			remoteGlobalIDString = E88BF55B9DDEFA8389F5940C;
			remoteInfo = ObeliskCore;
		};
/* End PBXContainerItemProxy section */

/* Begin PBXCopyFilesBuildPhase section */
		BD829E96FE436E3E7E6D47C6 /* Embed Frameworks */ = {
			isa = PBXCopyFilesBuildPhase;
			buildActionMask = 2147483647;
			dstPath = "";
			dstSubfolderSpec = 10;
			files = (
				962F0013D845889CDC6A26F2 /* ObeliskCore.framework in Embed Frameworks */,
			);
			name = "Embed Frameworks";
			runOnlyForDeploymentPostprocessing = 0;
		};
/* End PBXCopyFilesBuildPhase section */

/* Begin PBXFileReference section */
		13BF6BEA31C69C194EDA4180 /* SecureJSONFileCodec.swift */ = {isa = PBXFileReference; lastKnownFileType = sourcecode.swift; path = SecureJSONFileCodec.swift; sourceTree = "<group>"; };
		184B59D343DAE49912B8DD92 /* ObeliskSmokeTests */ = {isa = PBXFileReference; includeInIndex = 0; path = ObeliskSmokeTests; sourceTree = BUILT_PRODUCTS_DIR; };
		2CC8876E008266E41A7330CC /* main.swift */ = {isa = PBXFileReference; lastKnownFileType = sourcecode.swift; path = main.swift; sourceTree = "<group>"; };
		31233297A8D2386A1F929D7F /* TitleOptimizer.swift */ = {isa = PBXFileReference; lastKnownFileType = sourcecode.swift; path = TitleOptimizer.swift; sourceTree = "<group>"; };
		346F0EEB8995B190628E3B68 /* BrowserCurrentTab.swift */ = {isa = PBXFileReference; lastKnownFileType = sourcecode.swift; path = BrowserCurrentTab.swift; sourceTree = "<group>"; };
		4BFED8E9D46E4887DDA7EC6C /* Obelisk.app */ = {isa = PBXFileReference; explicitFileType = wrapper.application; includeInIndex = 0; path = Obelisk.app; sourceTree = BUILT_PRODUCTS_DIR; };
		509681F27287617F51AB50DC /* PyramidSymbol.svg */ = {isa = PBXFileReference; path = PyramidSymbol.svg; sourceTree = "<group>"; };
		55D0F34E6E67028C35A70B5D /* AuthenticationGate.swift */ = {isa = PBXFileReference; lastKnownFileType = sourcecode.swift; path = AuthenticationGate.swift; sourceTree = "<group>"; };
		7883CADDF47E95D1FA961B47 /* PrivateBrowserOpener.swift */ = {isa = PBXFileReference; lastKnownFileType = sourcecode.swift; path = PrivateBrowserOpener.swift; sourceTree = "<group>"; };
		7A8A7636BBBF6BACD664CD9B /* WindowBackgroundBlur.swift */ = {isa = PBXFileReference; lastKnownFileType = sourcecode.swift; path = WindowBackgroundBlur.swift; sourceTree = "<group>"; };
		7A952C42E2B05C77FABFE099 /* BookmarksModel.swift */ = {isa = PBXFileReference; lastKnownFileType = sourcecode.swift; path = BookmarksModel.swift; sourceTree = "<group>"; };
		8805964E6F01487D002B1FE3 /* AppIcon.swift */ = {isa = PBXFileReference; lastKnownFileType = sourcecode.swift; path = AppIcon.swift; sourceTree = "<group>"; };
		A32175D6A09B92D80CF46B87 /* AppIcon.png */ = {isa = PBXFileReference; lastKnownFileType = image.png; path = AppIcon.png; sourceTree = "<group>"; };
		A497B5F26879660FDEBD024D /* Obelisk.icon */ = {isa = PBXFileReference; lastKnownFileType = wrapper.icon; path = Obelisk.icon; sourceTree = "<group>"; };
		A642D47CFF35F328C86BED2B /* UsageStore.swift */ = {isa = PBXFileReference; lastKnownFileType = sourcecode.swift; path = UsageStore.swift; sourceTree = "<group>"; };
		AB09315943C6C56FCB7A793A /* main.swift */ = {isa = PBXFileReference; lastKnownFileType = sourcecode.swift; path = main.swift; sourceTree = "<group>"; };
		B81B98BA1E065F67B8414BCD /* BookmarkStore.swift */ = {isa = PBXFileReference; lastKnownFileType = sourcecode.swift; path = BookmarkStore.swift; sourceTree = "<group>"; };
		C72F1C6F597447F5811E62A9 /* BookmarkStateStore.swift */ = {isa = PBXFileReference; lastKnownFileType = sourcecode.swift; path = BookmarkStateStore.swift; sourceTree = "<group>"; };
		C8A91EEA47F03FC60C485210 /* GlobalHotkey.swift */ = {isa = PBXFileReference; lastKnownFileType = sourcecode.swift; path = GlobalHotkey.swift; sourceTree = "<group>"; };
		DD5F0031058AF63B53049181 /* NativeBookmarkList.swift */ = {isa = PBXFileReference; lastKnownFileType = sourcecode.swift; path = NativeBookmarkList.swift; sourceTree = "<group>"; };
		E9B2656A61B0F23E53BD6D70 /* ObeliskCore.framework */ = {isa = PBXFileReference; explicitFileType = wrapper.framework; includeInIndex = 0; path = ObeliskCore.framework; sourceTree = BUILT_PRODUCTS_DIR; };
		EEEDAF7D85C8DC9F8B7F21AA /* AddBookmarkRequest.swift */ = {isa = PBXFileReference; lastKnownFileType = sourcecode.swift; path = AddBookmarkRequest.swift; sourceTree = "<group>"; };
		EFCCD6597CAB4CB8D8606556 /* BookmarkManagerView.swift */ = {isa = PBXFileReference; lastKnownFileType = sourcecode.swift; path = BookmarkManagerView.swift; sourceTree = "<group>"; };
		EFFDB0B95F6B7A6291239186 /* BookmarkManagerWindowController.swift */ = {isa = PBXFileReference; lastKnownFileType = sourcecode.swift; path = BookmarkManagerWindowController.swift; sourceTree = "<group>"; };
		F55F4E0731D7BAB6D39F8D61 /* PageMetadataFetcher.swift */ = {isa = PBXFileReference; lastKnownFileType = sourcecode.swift; path = PageMetadataFetcher.swift; sourceTree = "<group>"; };
/* End PBXFileReference section */

/* Begin PBXFrameworksBuildPhase section */
		0F34E87766CC5F3995687D4C /* Frameworks */ = {
			isa = PBXFrameworksBuildPhase;
			buildActionMask = 2147483647;
			files = (
				A74501105840674C661E0B13 /* ObeliskCore.framework in Frameworks */,
			);
			runOnlyForDeploymentPostprocessing = 0;
		};
		EDDD927B317391C7D8D39A28 /* Frameworks */ = {
			isa = PBXFrameworksBuildPhase;
			buildActionMask = 2147483647;
			files = (
				F641154171462794A0648C26 /* ObeliskCore.framework in Frameworks */,
			);
			runOnlyForDeploymentPostprocessing = 0;
		};
/* End PBXFrameworksBuildPhase section */

/* Begin PBXGroup section */
		20610606F53C93E9CC4EE829 = {
			isa = PBXGroup;
			children = (
				A02D12AF55DDD3C19A78F3E4 /* icon */,
				96D3B815FB771615CCBA6FA8 /* ObeliskCore */,
				FD5B72A5FCDC291CD777364A /* ObeliskMenu */,
				BA324789203F75980AD843FE /* ObeliskSmokeTests */,
				E5D83CA8502214F5E1BE932A /* Products */,
			);
			sourceTree = "<group>";
		};
		5C560F04B053F1937AF3CE2D /* Resources */ = {
			isa = PBXGroup;
			children = (
				A32175D6A09B92D80CF46B87 /* AppIcon.png */,
				509681F27287617F51AB50DC /* PyramidSymbol.svg */,
			);
			path = Resources;
			sourceTree = "<group>";
		};
		96D3B815FB771615CCBA6FA8 /* ObeliskCore */ = {
			isa = PBXGroup;
			children = (
				B81B98BA1E065F67B8414BCD /* BookmarkStore.swift */,
				C72F1C6F597447F5811E62A9 /* BookmarkStateStore.swift */,
				13BF6BEA31C69C194EDA4180 /* SecureJSONFileCodec.swift */,
				A642D47CFF35F328C86BED2B /* UsageStore.swift */,
			);
			name = ObeliskCore;
			path = Sources/ObeliskCore;
			sourceTree = "<group>";
		};
		A02D12AF55DDD3C19A78F3E4 /* icon */ = {
			isa = PBXGroup;
			children = (
				A497B5F26879660FDEBD024D /* Obelisk.icon */,
			);
			path = icon;
			sourceTree = "<group>";
		};
		BA324789203F75980AD843FE /* ObeliskSmokeTests */ = {
			isa = PBXGroup;
			children = (
				2CC8876E008266E41A7330CC /* main.swift */,
			);
			name = ObeliskSmokeTests;
			path = Sources/ObeliskSmokeTests;
			sourceTree = "<group>";
		};
		E5D83CA8502214F5E1BE932A /* Products */ = {
			isa = PBXGroup;
			children = (
				4BFED8E9D46E4887DDA7EC6C /* Obelisk.app */,
				E9B2656A61B0F23E53BD6D70 /* ObeliskCore.framework */,
				184B59D343DAE49912B8DD92 /* ObeliskSmokeTests */,
			);
			name = Products;
			sourceTree = "<group>";
		};
		FD5B72A5FCDC291CD777364A /* ObeliskMenu */ = {
			isa = PBXGroup;
			children = (
				EEEDAF7D85C8DC9F8B7F21AA /* AddBookmarkRequest.swift */,
				8805964E6F01487D002B1FE3 /* AppIcon.swift */,
				55D0F34E6E67028C35A70B5D /* AuthenticationGate.swift */,
				EFCCD6597CAB4CB8D8606556 /* BookmarkManagerView.swift */,
				EFFDB0B95F6B7A6291239186 /* BookmarkManagerWindowController.swift */,
				7A952C42E2B05C77FABFE099 /* BookmarksModel.swift */,
				346F0EEB8995B190628E3B68 /* BrowserCurrentTab.swift */,
				C8A91EEA47F03FC60C485210 /* GlobalHotkey.swift */,
				AB09315943C6C56FCB7A793A /* main.swift */,
				DD5F0031058AF63B53049181 /* NativeBookmarkList.swift */,
				F55F4E0731D7BAB6D39F8D61 /* PageMetadataFetcher.swift */,
				7883CADDF47E95D1FA961B47 /* PrivateBrowserOpener.swift */,
				31233297A8D2386A1F929D7F /* TitleOptimizer.swift */,
				7A8A7636BBBF6BACD664CD9B /* WindowBackgroundBlur.swift */,
				5C560F04B053F1937AF3CE2D /* Resources */,
			);
			name = ObeliskMenu;
			path = Sources/ObeliskMenu;
			sourceTree = "<group>";
		};
/* End PBXGroup section */

/* Begin PBXNativeTarget section */
		50AF73EAC8BBD45BCA244207 /* Obelisk */ = {
			isa = PBXNativeTarget;
			buildConfigurationList = B59E4BA51923E3EE5A55DC70 /* Build configuration list for PBXNativeTarget "Obelisk" */;
			buildPhases = (
				327249B9575C9DE8675A36BC /* Sources */,
				D053E2A44457CA21E17F53F2 /* Resources */,
				EDDD927B317391C7D8D39A28 /* Frameworks */,
				BD829E96FE436E3E7E6D47C6 /* Embed Frameworks */,
			);
			buildRules = (
			);
			dependencies = (
				F6A762554C4D1E910ECC3890 /* PBXTargetDependency */,
			);
			name = Obelisk;
			packageProductDependencies = (
			);
			productName = Obelisk;
			productReference = 4BFED8E9D46E4887DDA7EC6C /* Obelisk.app */;
			productType = "com.apple.product-type.application";
		};
		925AAE7E12C545798C27EF77 /* ObeliskSmokeTests */ = {
			isa = PBXNativeTarget;
			buildConfigurationList = 55C7B259AB1BA08C7648219C /* Build configuration list for PBXNativeTarget "ObeliskSmokeTests" */;
			buildPhases = (
				F3B9B86044CF2B3B991363E5 /* Sources */,
				0F34E87766CC5F3995687D4C /* Frameworks */,
			);
			buildRules = (
			);
			dependencies = (
				C022F23D7E850397F1ED29EF /* PBXTargetDependency */,
			);
			name = ObeliskSmokeTests;
			packageProductDependencies = (
			);
			productName = ObeliskSmokeTests;
			productReference = 184B59D343DAE49912B8DD92 /* ObeliskSmokeTests */;
			productType = "com.apple.product-type.tool";
		};
		E88BF55B9DDEFA8389F5940C /* ObeliskCore */ = {
			isa = PBXNativeTarget;
			buildConfigurationList = 3E21BF59A5623340ACA7E1FE /* Build configuration list for PBXNativeTarget "ObeliskCore" */;
			buildPhases = (
				F26A0FDB0573C2FA992DB533 /* Sources */,
			);
			buildRules = (
			);
			dependencies = (
			);
			name = ObeliskCore;
			packageProductDependencies = (
			);
			productName = ObeliskCore;
			productReference = E9B2656A61B0F23E53BD6D70 /* ObeliskCore.framework */;
			productType = "com.apple.product-type.framework";
		};
/* End PBXNativeTarget section */

/* Begin PBXProject section */
		0E9C444D529A2BDE2A9FEECF /* Project object */ = {
			isa = PBXProject;
			attributes = {
				BuildIndependentTargetsInParallel = YES;
				LastUpgradeCheck = 1430;
				TargetAttributes = {
					50AF73EAC8BBD45BCA244207 = {
						DevelopmentTeam = "";
						ProvisioningStyle = Automatic;
					};
				};
			};
			buildConfigurationList = 5E1DA202B3C32F60E7CADEF0 /* Build configuration list for PBXProject "Obelisk" */;
			developmentRegion = en;
			hasScannedForEncodings = 0;
			knownRegions = (
				Base,
				en,
			);
			mainGroup = 20610606F53C93E9CC4EE829;
			minimizedProjectReferenceProxies = 1;
			preferredProjectObjectVersion = 77;
			productRefGroup = E5D83CA8502214F5E1BE932A /* Products */;
			projectDirPath = "";
			projectRoot = "";
			targets = (
				50AF73EAC8BBD45BCA244207 /* Obelisk */,
				E88BF55B9DDEFA8389F5940C /* ObeliskCore */,
				925AAE7E12C545798C27EF77 /* ObeliskSmokeTests */,
			);
		};
/* End PBXProject section */

/* Begin PBXResourcesBuildPhase section */
		D053E2A44457CA21E17F53F2 /* Resources */ = {
			isa = PBXResourcesBuildPhase;
			buildActionMask = 2147483647;
			files = (
				830A2AA9D51B1E36D8551F7E /* AppIcon.png in Resources */,
				F86E896F3DD4C3F3BCD648B8 /* Obelisk.icon in Resources */,
				4C17639E6CE2D3108F402D20 /* PyramidSymbol.svg in Resources */,
			);
			runOnlyForDeploymentPostprocessing = 0;
		};
/* End PBXResourcesBuildPhase section */

/* Begin PBXSourcesBuildPhase section */
		327249B9575C9DE8675A36BC /* Sources */ = {
			isa = PBXSourcesBuildPhase;
			buildActionMask = 2147483647;
			files = (
				F8C7013C90002440091F954B /* AddBookmarkRequest.swift in Sources */,
				8F061F1444FA7333BC46397E /* AppIcon.swift in Sources */,
				35A49D7E1E4BA0D5C05F2B19 /* AuthenticationGate.swift in Sources */,
				15B1634135F44CC570AB82C6 /* BookmarkManagerView.swift in Sources */,
				F216A045EBCCECAF06DE7656 /* BookmarkManagerWindowController.swift in Sources */,
				E7F90CBBD4A1F4169AF7EDEC /* BookmarksModel.swift in Sources */,
				C9A817D49E2C8983E4FBD7B3 /* BrowserCurrentTab.swift in Sources */,
				E15A370CFBEEA27E66CFF7B5 /* GlobalHotkey.swift in Sources */,
				771606029FB280130260F1C8 /* NativeBookmarkList.swift in Sources */,
				3D8BE9863F31799DD0174C53 /* PageMetadataFetcher.swift in Sources */,
				87E662B5561A17DDE273F461 /* PrivateBrowserOpener.swift in Sources */,
				2DA2C21C83FBACA830864B67 /* TitleOptimizer.swift in Sources */,
				E9E89B222762DCF260DB7671 /* WindowBackgroundBlur.swift in Sources */,
				29430B474D2021236E39C5B6 /* main.swift in Sources */,
			);
			runOnlyForDeploymentPostprocessing = 0;
		};
		F26A0FDB0573C2FA992DB533 /* Sources */ = {
			isa = PBXSourcesBuildPhase;
			buildActionMask = 2147483647;
			files = (
				AFCE89519C3E4744F51A11D5 /* BookmarkStore.swift in Sources */,
				B15A96E8018C40B28C9B8F42 /* BookmarkStateStore.swift in Sources */,
				44FB0B5319D7A87100CC244E /* SecureJSONFileCodec.swift in Sources */,
				7F72D620794E7727556B6BFC /* UsageStore.swift in Sources */,
			);
			runOnlyForDeploymentPostprocessing = 0;
		};
		F3B9B86044CF2B3B991363E5 /* Sources */ = {
			isa = PBXSourcesBuildPhase;
			buildActionMask = 2147483647;
			files = (
				B8DB4FE676810AFB3585F890 /* main.swift in Sources */,
			);
			runOnlyForDeploymentPostprocessing = 0;
		};
/* End PBXSourcesBuildPhase section */

/* Begin PBXTargetDependency section */
		C022F23D7E850397F1ED29EF /* PBXTargetDependency */ = {
			isa = PBXTargetDependency;
			target = E88BF55B9DDEFA8389F5940C /* ObeliskCore */;
			targetProxy = F2E2B0D56991986107718DF0 /* PBXContainerItemProxy */;
		};
		F6A762554C4D1E910ECC3890 /* PBXTargetDependency */ = {
			isa = PBXTargetDependency;
			target = E88BF55B9DDEFA8389F5940C /* ObeliskCore */;
			targetProxy = BF5BEC48F3AC19B85A1D159C /* PBXContainerItemProxy */;
		};
/* End PBXTargetDependency section */

/* Begin XCBuildConfiguration section */
		1A0FE2EB38E103C4A4405D49 /* Release */ = {
			isa = XCBuildConfiguration;
			buildSettings = {
				COMBINE_HIDPI_IMAGES = YES;
				LD_RUNPATH_SEARCH_PATHS = (
					"$(inherited)",
					"@executable_path/../Frameworks",
				);
				PRODUCT_BUNDLE_IDENTIFIER = local.elidev.ObeliskSmokeTests;
				PRODUCT_NAME = ObeliskSmokeTests;
				SDKROOT = macosx;
			};
			name = Release;
		};
		20A8B004565708D27A9A81B0 /* Debug */ = {
			isa = XCBuildConfiguration;
			buildSettings = {
				ASSETCATALOG_COMPILER_APPICON_NAME = Obelisk;
				CODE_SIGN_STYLE = Automatic;
				COMBINE_HIDPI_IMAGES = YES;
				CURRENT_PROJECT_VERSION = 1;
				DEVELOPMENT_TEAM = "";
				ENABLE_HARDENED_RUNTIME = YES;
				GENERATE_INFOPLIST_FILE = YES;
				INFOPLIST_KEY_CFBundleDisplayName = Obelisk;
				INFOPLIST_KEY_LSApplicationCategoryType = "public.app-category.productivity";
				INFOPLIST_KEY_LSUIElement = YES;
				INFOPLIST_KEY_NSAppleEventsUsageDescription = "Obelisk uses AppleScript to read the URL and title of the active tab from your frontmost browser when you press the global add-bookmark shortcut.";
				LD_RUNPATH_SEARCH_PATHS = (
					"$(inherited)",
					"@executable_path/../Frameworks",
				);
				MARKETING_VERSION = 1.2.0;
				PRODUCT_BUNDLE_IDENTIFIER = local.elidev.Obelisk;
				PRODUCT_NAME = Obelisk;
				SDKROOT = macosx;
			};
			name = Debug;
		};
		3C581D957D4FA4BED383FD28 /* Debug */ = {
			isa = XCBuildConfiguration;
			buildSettings = {
				ALWAYS_SEARCH_USER_PATHS = NO;
				CLANG_ANALYZER_NONNULL = YES;
				CLANG_ANALYZER_NUMBER_OBJECT_CONVERSION = YES_AGGRESSIVE;
				CLANG_CXX_LANGUAGE_STANDARD = "gnu++14";
				CLANG_CXX_LIBRARY = "libc++";
				CLANG_ENABLE_MODULES = YES;
				CLANG_ENABLE_OBJC_ARC = YES;
				CLANG_ENABLE_OBJC_WEAK = YES;
				CLANG_WARN_BLOCK_CAPTURE_AUTORELEASING = YES;
				CLANG_WARN_BOOL_CONVERSION = YES;
				CLANG_WARN_COMMA = YES;
				CLANG_WARN_CONSTANT_CONVERSION = YES;
				CLANG_WARN_DEPRECATED_OBJC_IMPLEMENTATIONS = YES;
				CLANG_WARN_DIRECT_OBJC_ISA_USAGE = YES_ERROR;
				CLANG_WARN_DOCUMENTATION_COMMENTS = YES;
				CLANG_WARN_EMPTY_BODY = YES;
				CLANG_WARN_ENUM_CONVERSION = YES;
				CLANG_WARN_INFINITE_RECURSION = YES;
				CLANG_WARN_INT_CONVERSION = YES;
				CLANG_WARN_NON_LITERAL_NULL_CONVERSION = YES;
				CLANG_WARN_OBJC_IMPLICIT_RETAIN_SELF = YES;
				CLANG_WARN_OBJC_LITERAL_CONVERSION = YES;
				CLANG_WARN_OBJC_ROOT_CLASS = YES_ERROR;
				CLANG_WARN_QUOTED_INCLUDE_IN_FRAMEWORK_HEADER = YES;
				CLANG_WARN_RANGE_LOOP_ANALYSIS = YES;
				CLANG_WARN_STRICT_PROTOTYPES = YES;
				CLANG_WARN_SUSPICIOUS_MOVE = YES;
				CLANG_WARN_UNGUARDED_AVAILABILITY = YES_AGGRESSIVE;
				CLANG_WARN_UNREACHABLE_CODE = YES;
				CLANG_WARN__DUPLICATE_METHOD_MATCH = YES;
				COPY_PHASE_STRIP = NO;
				DEBUG_INFORMATION_FORMAT = dwarf;
				ENABLE_STRICT_OBJC_MSGSEND = YES;
				ENABLE_TESTABILITY = YES;
				GCC_C_LANGUAGE_STANDARD = gnu11;
				GCC_DYNAMIC_NO_PIC = NO;
				GCC_NO_COMMON_BLOCKS = YES;
				GCC_OPTIMIZATION_LEVEL = 0;
				GCC_PREPROCESSOR_DEFINITIONS = (
					"$(inherited)",
					"DEBUG=1",
				);
				GCC_WARN_64_TO_32_BIT_CONVERSION = YES;
				GCC_WARN_ABOUT_RETURN_TYPE = YES_ERROR;
				GCC_WARN_UNDECLARED_SELECTOR = YES;
				GCC_WARN_UNINITIALIZED_AUTOS = YES_AGGRESSIVE;
				GCC_WARN_UNUSED_FUNCTION = YES;
				GCC_WARN_UNUSED_VARIABLE = YES;
				MACOSX_DEPLOYMENT_TARGET = 26.0;
				MTL_ENABLE_DEBUG_INFO = INCLUDE_SOURCE;
				MTL_FAST_MATH = YES;
				ONLY_ACTIVE_ARCH = YES;
				PRODUCT_NAME = "$(TARGET_NAME)";
				SDKROOT = macosx;
				SWIFT_ACTIVE_COMPILATION_CONDITIONS = DEBUG;
				SWIFT_OPTIMIZATION_LEVEL = "-Onone";
				SWIFT_VERSION = 6.0;
			};
			name = Debug;
		};
		69BE437B12AE1F939A505F7F /* Release */ = {
			isa = XCBuildConfiguration;
			buildSettings = {
				CODE_SIGN_IDENTITY = "";
				COMBINE_HIDPI_IMAGES = YES;
				CURRENT_PROJECT_VERSION = 1;
				DEFINES_MODULE = YES;
				DYLIB_COMPATIBILITY_VERSION = 1;
				DYLIB_CURRENT_VERSION = 1;
				DYLIB_INSTALL_NAME_BASE = "@rpath";
				GENERATE_INFOPLIST_FILE = YES;
				INSTALL_PATH = "$(LOCAL_LIBRARY_DIR)/Frameworks";
				LD_RUNPATH_SEARCH_PATHS = (
					"$(inherited)",
					"@executable_path/../Frameworks",
				);
				PRODUCT_BUNDLE_IDENTIFIER = local.elidev.ObeliskCore;
				PRODUCT_NAME = ObeliskCore;
				SDKROOT = macosx;
				SKIP_INSTALL = YES;
				VERSIONING_SYSTEM = "apple-generic";
			};
			name = Release;
		};
		6F75F222BFD35DB6D9C19877 /* Release */ = {
			isa = XCBuildConfiguration;
			buildSettings = {
				ASSETCATALOG_COMPILER_APPICON_NAME = Obelisk;
				CODE_SIGN_STYLE = Automatic;
				COMBINE_HIDPI_IMAGES = YES;
				CURRENT_PROJECT_VERSION = 1;
				DEVELOPMENT_TEAM = "";
				ENABLE_HARDENED_RUNTIME = YES;
				GENERATE_INFOPLIST_FILE = YES;
				INFOPLIST_KEY_CFBundleDisplayName = Obelisk;
				INFOPLIST_KEY_LSApplicationCategoryType = "public.app-category.productivity";
				INFOPLIST_KEY_LSUIElement = YES;
				INFOPLIST_KEY_NSAppleEventsUsageDescription = "Obelisk uses AppleScript to read the URL and title of the active tab from your frontmost browser when you press the global add-bookmark shortcut.";
				LD_RUNPATH_SEARCH_PATHS = (
					"$(inherited)",
					"@executable_path/../Frameworks",
				);
				MARKETING_VERSION = 1.2.0;
				PRODUCT_BUNDLE_IDENTIFIER = local.elidev.Obelisk;
				PRODUCT_NAME = Obelisk;
				SDKROOT = macosx;
			};
			name = Release;
		};
		7C99E9F2DDD80541A70B2AED /* Debug */ = {
			isa = XCBuildConfiguration;
			buildSettings = {
				COMBINE_HIDPI_IMAGES = YES;
				LD_RUNPATH_SEARCH_PATHS = (
					"$(inherited)",
					"@executable_path/../Frameworks",
				);
				PRODUCT_BUNDLE_IDENTIFIER = local.elidev.ObeliskSmokeTests;
				PRODUCT_NAME = ObeliskSmokeTests;
				SDKROOT = macosx;
			};
			name = Debug;
		};
		F24A4D80FC93D050F69B150C /* Debug */ = {
			isa = XCBuildConfiguration;
			buildSettings = {
				CODE_SIGN_IDENTITY = "";
				COMBINE_HIDPI_IMAGES = YES;
				CURRENT_PROJECT_VERSION = 1;
				DEFINES_MODULE = YES;
				DYLIB_COMPATIBILITY_VERSION = 1;
				DYLIB_CURRENT_VERSION = 1;
				DYLIB_INSTALL_NAME_BASE = "@rpath";
				GENERATE_INFOPLIST_FILE = YES;
				INSTALL_PATH = "$(LOCAL_LIBRARY_DIR)/Frameworks";
				LD_RUNPATH_SEARCH_PATHS = (
					"$(inherited)",
					"@executable_path/../Frameworks",
				);
				PRODUCT_BUNDLE_IDENTIFIER = local.elidev.ObeliskCore;
				PRODUCT_NAME = ObeliskCore;
				SDKROOT = macosx;
				SKIP_INSTALL = YES;
				VERSIONING_SYSTEM = "apple-generic";
			};
			name = Debug;
		};
		F9C575C1730F637F12E84434 /* Release */ = {
			isa = XCBuildConfiguration;
			buildSettings = {
				ALWAYS_SEARCH_USER_PATHS = NO;
				CLANG_ANALYZER_NONNULL = YES;
				CLANG_ANALYZER_NUMBER_OBJECT_CONVERSION = YES_AGGRESSIVE;
				CLANG_CXX_LANGUAGE_STANDARD = "gnu++14";
				CLANG_CXX_LIBRARY = "libc++";
				CLANG_ENABLE_MODULES = YES;
				CLANG_ENABLE_OBJC_ARC = YES;
				CLANG_ENABLE_OBJC_WEAK = YES;
				CLANG_WARN_BLOCK_CAPTURE_AUTORELEASING = YES;
				CLANG_WARN_BOOL_CONVERSION = YES;
				CLANG_WARN_COMMA = YES;
				CLANG_WARN_CONSTANT_CONVERSION = YES;
				CLANG_WARN_DEPRECATED_OBJC_IMPLEMENTATIONS = YES;
				CLANG_WARN_DIRECT_OBJC_ISA_USAGE = YES_ERROR;
				CLANG_WARN_DOCUMENTATION_COMMENTS = YES;
				CLANG_WARN_EMPTY_BODY = YES;
				CLANG_WARN_ENUM_CONVERSION = YES;
				CLANG_WARN_INFINITE_RECURSION = YES;
				CLANG_WARN_INT_CONVERSION = YES;
				CLANG_WARN_NON_LITERAL_NULL_CONVERSION = YES;
				CLANG_WARN_OBJC_IMPLICIT_RETAIN_SELF = YES;
				CLANG_WARN_OBJC_LITERAL_CONVERSION = YES;
				CLANG_WARN_OBJC_ROOT_CLASS = YES_ERROR;
				CLANG_WARN_QUOTED_INCLUDE_IN_FRAMEWORK_HEADER = YES;
				CLANG_WARN_RANGE_LOOP_ANALYSIS = YES;
				CLANG_WARN_STRICT_PROTOTYPES = YES;
				CLANG_WARN_SUSPICIOUS_MOVE = YES;
				CLANG_WARN_UNGUARDED_AVAILABILITY = YES_AGGRESSIVE;
				CLANG_WARN_UNREACHABLE_CODE = YES;
				CLANG_WARN__DUPLICATE_METHOD_MATCH = YES;
				COPY_PHASE_STRIP = NO;
				DEBUG_INFORMATION_FORMAT = "dwarf-with-dsym";
				ENABLE_NS_ASSERTIONS = NO;
				ENABLE_STRICT_OBJC_MSGSEND = YES;
				GCC_C_LANGUAGE_STANDARD = gnu11;
				GCC_NO_COMMON_BLOCKS = YES;
				GCC_WARN_64_TO_32_BIT_CONVERSION = YES;
				GCC_WARN_ABOUT_RETURN_TYPE = YES_ERROR;
				GCC_WARN_UNDECLARED_SELECTOR = YES;
				GCC_WARN_UNINITIALIZED_AUTOS = YES_AGGRESSIVE;
				GCC_WARN_UNUSED_FUNCTION = YES;
				GCC_WARN_UNUSED_VARIABLE = YES;
				MACOSX_DEPLOYMENT_TARGET = 26.0;
				MTL_ENABLE_DEBUG_INFO = NO;
				MTL_FAST_MATH = YES;
				PRODUCT_NAME = "$(TARGET_NAME)";
				SDKROOT = macosx;
				SWIFT_COMPILATION_MODE = wholemodule;
				SWIFT_OPTIMIZATION_LEVEL = "-O";
				SWIFT_VERSION = 6.0;
			};
			name = Release;
		};
/* End XCBuildConfiguration section */

/* Begin XCConfigurationList section */
		3E21BF59A5623340ACA7E1FE /* Build configuration list for PBXNativeTarget "ObeliskCore" */ = {
			isa = XCConfigurationList;
			buildConfigurations = (
				F24A4D80FC93D050F69B150C /* Debug */,
				69BE437B12AE1F939A505F7F /* Release */,
			);
			defaultConfigurationIsVisible = 0;
			defaultConfigurationName = Debug;
		};
		55C7B259AB1BA08C7648219C /* Build configuration list for PBXNativeTarget "ObeliskSmokeTests" */ = {
			isa = XCConfigurationList;
			buildConfigurations = (
				7C99E9F2DDD80541A70B2AED /* Debug */,
				1A0FE2EB38E103C4A4405D49 /* Release */,
			);
			defaultConfigurationIsVisible = 0;
			defaultConfigurationName = Debug;
		};
		5E1DA202B3C32F60E7CADEF0 /* Build configuration list for PBXProject "Obelisk" */ = {
			isa = XCConfigurationList;
			buildConfigurations = (
				3C581D957D4FA4BED383FD28 /* Debug */,
				F9C575C1730F637F12E84434 /* Release */,
			);
			defaultConfigurationIsVisible = 0;
			defaultConfigurationName = Debug;
		};
		B59E4BA51923E3EE5A55DC70 /* Build configuration list for PBXNativeTarget "Obelisk" */ = {
			isa = XCConfigurationList;
			buildConfigurations = (
				20A8B004565708D27A9A81B0 /* Debug */,
				6F75F222BFD35DB6D9C19877 /* Release */,
			);
			defaultConfigurationIsVisible = 0;
			defaultConfigurationName = Debug;
		};
/* End XCConfigurationList section */
	};
	rootObject = 0E9C444D529A2BDE2A9FEECF /* Project object */;
}
