// !$*UTF8*$!
{
	archiveVersion = 1;
	classes = {
	};
	objectVersion = 77;
	objects = {

/* Begin PBXBuildFile section */
		C1C0A0012FC4A00000000001 /* Obelisk.icon in Resources */ = {isa = PBXBuildFile; fileRef = C1C0A0022FC4A00000000002 /* Obelisk.icon */; };
/* End PBXBuildFile section */

/* Begin PBXContainerItemProxy section */
		45B26F242FC4874D009BAE8A /* PBXContainerItemProxy */ = {
			isa = PBXContainerItemProxy;
			containerPortal = 45B26F0E2FC4874D009BAE8A /* Project object */;
			proxyType = 1;
			remoteGlobalIDString = 45B26F152FC4874D009BAE8A;
			remoteInfo = Obelisk;
		};
		45B26F2E2FC4874D009BAE8A /* PBXContainerItemProxy */ = {
			isa = PBXContainerItemProxy;
			containerPortal = 45B26F0E2FC4874D009BAE8A /* Project object */;
			proxyType = 1;
			remoteGlobalIDString = 45B26F152FC4874D009BAE8A;
			remoteInfo = Obelisk;
		};
/* End PBXContainerItemProxy section */

/* Begin PBXFileReference section */
		C1C0A0022FC4A00000000002 /* Obelisk.icon */ = {isa = PBXFileReference; lastKnownFileType = wrapper.icon; path = Obelisk.icon; sourceTree = "<group>"; };
		45B26F162FC4874D009BAE8A /* Obelisk.app */ = {isa = PBXFileReference; explicitFileType = wrapper.application; includeInIndex = 0; path = Obelisk.app; sourceTree = BUILT_PRODUCTS_DIR; };
		45B26F232FC4874D009BAE8A /* ObeliskTests.xctest */ = {isa = PBXFileReference; explicitFileType = wrapper.cfbundle; includeInIndex = 0; path = ObeliskTests.xctest; sourceTree = BUILT_PRODUCTS_DIR; };
		45B26F2D2FC4874D009BAE8A /* ObeliskUITests.xctest */ = {isa = PBXFileReference; explicitFileType = wrapper.cfbundle; includeInIndex = 0; path = ObeliskUITests.xctest; sourceTree = BUILT_PRODUCTS_DIR; };
/* End PBXFileReference section */

/* Begin PBXFileSystemSynchronizedRootGroup section */
		45B26F182FC4874D009BAE8A /* Obelisk */ = {
			isa = PBXFileSystemSynchronizedRootGroup;
			path = Obelisk;
			sourceTree = "<group>";
		};
		45B26F262FC4874D009BAE8A /* ObeliskTests */ = {
			isa = PBXFileSystemSynchronizedRootGroup;
			path = ObeliskTests;
			sourceTree = "<group>";
		};
		45B26F302FC4874D009BAE8A /* ObeliskUITests */ = {
			isa = PBXFileSystemSynchronizedRootGroup;
			path = ObeliskUITests;
			sourceTree = "<group>";
		};
/* End PBXFileSystemSynchronizedRootGroup section */

/* Begin PBXFrameworksBuildPhase section */
		45B26F132FC4874D009BAE8A /* Frameworks */ = {
			isa = PBXFrameworksBuildPhase;
			buildActionMask = 2147483647;
			files = (
			);
			runOnlyForDeploymentPostprocessing = 0;
		};
		45B26F202FC4874D009BAE8A /* Frameworks */ = {
			isa = PBXFrameworksBuildPhase;
			buildActionMask = 2147483647;
			files = (
			);
			runOnlyForDeploymentPostprocessing = 0;
		};
		45B26F2A2FC4874D009BAE8A /* Frameworks */ = {
			isa = PBXFrameworksBuildPhase;
			buildActionMask = 2147483647;
			files = (
			);
			runOnlyForDeploymentPostprocessing = 0;
		};
/* End PBXFrameworksBuildPhase section */

/* Begin PBXGroup section */
		45B26F0D2FC4874D009BAE8A = {
			isa = PBXGroup;
			children = (
				C1C0A0022FC4A00000000002 /* Obelisk.icon */,
				45B26F182FC4874D009BAE8A /* Obelisk */,
				45B26F262FC4874D009BAE8A /* ObeliskTests */,
				45B26F302FC4874D009BAE8A /* ObeliskUITests */,
				45B26F172FC4874D009BAE8A /* Products */,
			);
			sourceTree = "<group>";
		};
		45B26F172FC4874D009BAE8A /* Products */ = {
			isa = PBXGroup;
			children = (
				45B26F162FC4874D009BAE8A /* Obelisk.app */,
				45B26F232FC4874D009BAE8A /* ObeliskTests.xctest */,
				45B26F2D2FC4874D009BAE8A /* ObeliskUITests.xctest */,
			);
			name = Products;
			sourceTree = "<group>";
		};
/* End PBXGroup section */

/* Begin PBXNativeTarget section */
		45B26F152FC4874D009BAE8A /* Obelisk */ = {
			isa = PBXNativeTarget;
			buildConfigurationList = 45B26F372FC4874E009BAE8A /* Build configuration list for PBXNativeTarget "Obelisk" */;
			buildPhases = (
				45B26F122FC4874D009BAE8A /* Sources */,
				45B26F132FC4874D009BAE8A /* Frameworks */,
				45B26F142FC4874D009BAE8A /* Resources */,
			);
			buildRules = (
			);
			dependencies = (
			);
			fileSystemSynchronizedGroups = (
				45B26F182FC4874D009BAE8A /* Obelisk */,
			);
			name = Obelisk;
			packageProductDependencies = (
			);
			productName = Obelisk;
			productReference = 45B26F162FC4874D009BAE8A /* Obelisk.app */;
			productType = "com.apple.product-type.application";
		};
		45B26F222FC4874D009BAE8A /* ObeliskTests */ = {
			isa = PBXNativeTarget;
			buildConfigurationList = 45B26F3A2FC4874E009BAE8A /* Build configuration list for PBXNativeTarget "ObeliskTests" */;
			buildPhases = (
				45B26F1F2FC4874D009BAE8A /* Sources */,
				45B26F202FC4874D009BAE8A /* Frameworks */,
				45B26F212FC4874D009BAE8A /* Resources */,
			);
			buildRules = (
			);
			dependencies = (
				45B26F252FC4874D009BAE8A /* PBXTargetDependency */,
			);
			fileSystemSynchronizedGroups = (
				45B26F262FC4874D009BAE8A /* ObeliskTests */,
			);
			name = ObeliskTests;
			packageProductDependencies = (
			);
			productName = ObeliskTests;
			productReference = 45B26F232FC4874D009BAE8A /* ObeliskTests.xctest */;
			productType = "com.apple.product-type.bundle.unit-test";
		};
		45B26F2C2FC4874D009BAE8A /* ObeliskUITests */ = {
			isa = PBXNativeTarget;
			buildConfigurationList = 45B26F3D2FC4874E009BAE8A /* Build configuration list for PBXNativeTarget "ObeliskUITests" */;
			buildPhases = (
				45B26F292FC4874D009BAE8A /* Sources */,
				45B26F2A2FC4874D009BAE8A /* Frameworks */,
				45B26F2B2FC4874D009BAE8A /* Resources */,
			);
			buildRules = (
			);
			dependencies = (
				45B26F2F2FC4874D009BAE8A /* PBXTargetDependency */,
			);
			fileSystemSynchronizedGroups = (
				45B26F302FC4874D009BAE8A /* ObeliskUITests */,
			);
			name = ObeliskUITests;
			packageProductDependencies = (
			);
			productName = ObeliskUITests;
			productReference = 45B26F2D2FC4874D009BAE8A /* ObeliskUITests.xctest */;
			productType = "com.apple.product-type.bundle.ui-testing";
		};
/* End PBXNativeTarget section */

/* Begin PBXProject section */
		45B26F0E2FC4874D009BAE8A /* Project object */ = {
			isa = PBXProject;
			attributes = {
				BuildIndependentTargetsInParallel = 1;
				LastSwiftUpdateCheck = 2650;
				LastUpgradeCheck = 2650;
				TargetAttributes = {
					45B26F152FC4874D009BAE8A = {
						CreatedOnToolsVersion = 26.5;
					};
					45B26F222FC4874D009BAE8A = {
						CreatedOnToolsVersion = 26.5;
						TestTargetID = 45B26F152FC4874D009BAE8A;
					};
					45B26F2C2FC4874D009BAE8A = {
						CreatedOnToolsVersion = 26.5;
						TestTargetID = 45B26F152FC4874D009BAE8A;
					};
				};
			};
			buildConfigurationList = 45B26F112FC4874D009BAE8A /* Build configuration list for PBXProject "Obelisk" */;
			developmentRegion = en;
			hasScannedForEncodings = 0;
			knownRegions = (
				en,
				Base,
			);
			mainGroup = 45B26F0D2FC4874D009BAE8A;
			minimizedProjectReferenceProxies = 1;
			preferredProjectObjectVersion = 77;
			productRefGroup = 45B26F172FC4874D009BAE8A /* Products */;
			projectDirPath = "";
			projectRoot = "";
			targets = (
				45B26F152FC4874D009BAE8A /* Obelisk */,
				45B26F222FC4874D009BAE8A /* ObeliskTests */,
				45B26F2C2FC4874D009BAE8A /* ObeliskUITests */,
			);
		};
/* End PBXProject section */

/* Begin PBXResourcesBuildPhase section */
		45B26F142FC4874D009BAE8A /* Resources */ = {
			isa = PBXResourcesBuildPhase;
			buildActionMask = 2147483647;
			files = (
				C1C0A0012FC4A00000000001 /* Obelisk.icon in Resources */,
			);
			runOnlyForDeploymentPostprocessing = 0;
		};
		45B26F212FC4874D009BAE8A /* Resources */ = {
			isa = PBXResourcesBuildPhase;
			buildActionMask = 2147483647;
			files = (
			);
			runOnlyForDeploymentPostprocessing = 0;
		};
		45B26F2B2FC4874D009BAE8A /* Resources */ = {
			isa = PBXResourcesBuildPhase;
			buildActionMask = 2147483647;
			files = (
			);
			runOnlyForDeploymentPostprocessing = 0;
		};
/* End PBXResourcesBuildPhase section */

/* Begin PBXSourcesBuildPhase section */
		45B26F122FC4874D009BAE8A /* Sources */ = {
			isa = PBXSourcesBuildPhase;
			buildActionMask = 2147483647;
			files = (
			);
			runOnlyForDeploymentPostprocessing = 0;
		};
		45B26F1F2FC4874D009BAE8A /* Sources */ = {
			isa = PBXSourcesBuildPhase;
			buildActionMask = 2147483647;
			files = (
			);
			runOnlyForDeploymentPostprocessing = 0;
		};
		45B26F292FC4874D009BAE8A /* Sources */ = {
			isa = PBXSourcesBuildPhase;
			buildActionMask = 2147483647;
			files = (
			);
			runOnlyForDeploymentPostprocessing = 0;
		};
/* End PBXSourcesBuildPhase section */

/* Begin PBXTargetDependency section */
		45B26F252FC4874D009BAE8A /* PBXTargetDependency */ = {
			isa = PBXTargetDependency;
			target = 45B26F152FC4874D009BAE8A /* Obelisk */;
			targetProxy = 45B26F242FC4874D009BAE8A /* PBXContainerItemProxy */;
		};
		45B26F2F2FC4874D009BAE8A /* PBXTargetDependency */ = {
			isa = PBXTargetDependency;
			target = 45B26F152FC4874D009BAE8A /* Obelisk */;
			targetProxy = 45B26F2E2FC4874D009BAE8A /* PBXContainerItemProxy */;
		};
/* End PBXTargetDependency section */

/* Begin XCBuildConfiguration section */
		45B26F352FC4874D009BAE8A /* Debug */ = {
			isa = XCBuildConfiguration;
			buildSettings = {
				ALWAYS_SEARCH_USER_PATHS = NO;
				ASSETCATALOG_COMPILER_GENERATE_SWIFT_ASSET_SYMBOL_EXTENSIONS = YES;
				CLANG_ANALYZER_NONNULL = YES;
				CLANG_ANALYZER_NUMBER_OBJECT_CONVERSION = YES_AGGRESSIVE;
				CLANG_CXX_LANGUAGE_STANDARD = "gnu++20";
				CLANG_ENABLE_MODULES = YES;
				CLANG_ENABLE_OBJC_ARC = YES;
				CLANG_ENABLE_OBJC_WEAK = YES;
				CLANG_WARN_BLOCK_CAPTURE_AUTORELEASING = YES;
				CLANG_WARN_BOOL_CONVERSION = YES;
				CLANG_WARN_COMMA = YES;
				CLANG_WARN_CONSTANT_CONVERSION = YES;
				CLANG_WARN_DEPRECATED_OBJC_IMPLEMENTATIONS = YES;
				CLANG_WARN_DIRECT_OBJC_ISA_USAGE = YES_ERROR;
				CLANG_WARN_DOCUMENTATION_COMMENTS = YES;
				CLANG_WARN_EMPTY_BODY = YES;
				CLANG_WARN_ENUM_CONVERSION = YES;
				CLANG_WARN_INFINITE_RECURSION = YES;
				CLANG_WARN_INT_CONVERSION = YES;
				CLANG_WARN_NON_LITERAL_NULL_CONVERSION = YES;
				CLANG_WARN_OBJC_IMPLICIT_RETAIN_SELF = YES;
				CLANG_WARN_OBJC_LITERAL_CONVERSION = YES;
				CLANG_WARN_OBJC_ROOT_CLASS = YES_ERROR;
				CLANG_WARN_QUOTED_INCLUDE_IN_FRAMEWORK_HEADER = YES;
				CLANG_WARN_RANGE_LOOP_ANALYSIS = YES;
				CLANG_WARN_STRICT_PROTOTYPES = YES;
				CLANG_WARN_SUSPICIOUS_MOVE = YES;
				CLANG_WARN_UNGUARDED_AVAILABILITY = YES_AGGRESSIVE;
				CLANG_WARN_UNREACHABLE_CODE = YES;
				CLANG_WARN__DUPLICATE_METHOD_MATCH = YES;
				COPY_PHASE_STRIP = NO;
				DEBUG_INFORMATION_FORMAT = dwarf;
				DEVELOPMENT_TEAM = 5Q5QT76MJU;
				ENABLE_STRICT_OBJC_MSGSEND = YES;
				ENABLE_TESTABILITY = YES;
				ENABLE_USER_SCRIPT_SANDBOXING = YES;
				GCC_C_LANGUAGE_STANDARD = gnu17;
				GCC_DYNAMIC_NO_PIC = NO;
				GCC_NO_COMMON_BLOCKS = YES;
				GCC_OPTIMIZATION_LEVEL = 0;
				GCC_PREPROCESSOR_DEFINITIONS = (
					"DEBUG=1",
					"$(inherited)",
				);
				GCC_WARN_64_TO_32_BIT_CONVERSION = YES;
				GCC_WARN_ABOUT_RETURN_TYPE = YES_ERROR;
				GCC_WARN_UNDECLARED_SELECTOR = YES;
				GCC_WARN_UNINITIALIZED_AUTOS = YES_AGGRESSIVE;
				GCC_WARN_UNUSED_FUNCTION = YES;
				GCC_WARN_UNUSED_VARIABLE = YES;
				LOCALIZATION_PREFERS_STRING_CATALOGS = YES;
				MACOSX_DEPLOYMENT_TARGET = 26.0;
				MTL_ENABLE_DEBUG_INFO = INCLUDE_SOURCE;
				MTL_FAST_MATH = YES;
				ONLY_ACTIVE_ARCH = YES;
				SDKROOT = macosx;
				SWIFT_ACTIVE_COMPILATION_CONDITIONS = "DEBUG $(inherited)";
				SWIFT_OPTIMIZATION_LEVEL = "-Onone";
			};
			name = Debug;
		};
		45B26F362FC4874D009BAE8A /* Release */ = {
			isa = XCBuildConfiguration;
			buildSettings = {
				ALWAYS_SEARCH_USER_PATHS = NO;
				ASSETCATALOG_COMPILER_GENERATE_SWIFT_ASSET_SYMBOL_EXTENSIONS = YES;
				CLANG_ANALYZER_NONNULL = YES;
				CLANG_ANALYZER_NUMBER_OBJECT_CONVERSION = YES_AGGRESSIVE;
				CLANG_CXX_LANGUAGE_STANDARD = "gnu++20";
				CLANG_ENABLE_MODULES = YES;
				CLANG_ENABLE_OBJC_ARC = YES;
				CLANG_ENABLE_OBJC_WEAK = YES;
				CLANG_WARN_BLOCK_CAPTURE_AUTORELEASING = YES;
				CLANG_WARN_BOOL_CONVERSION = YES;
				CLANG_WARN_COMMA = YES;
				CLANG_WARN_CONSTANT_CONVERSION = YES;
				CLANG_WARN_DEPRECATED_OBJC_IMPLEMENTATIONS = YES;
				CLANG_WARN_DIRECT_OBJC_ISA_USAGE = YES_ERROR;
				CLANG_WARN_DOCUMENTATION_COMMENTS = YES;
				CLANG_WARN_EMPTY_BODY = YES;
				CLANG_WARN_ENUM_CONVERSION = YES;
				CLANG_WARN_INFINITE_RECURSION = YES;
				CLANG_WARN_INT_CONVERSION = YES;
				CLANG_WARN_NON_LITERAL_NULL_CONVERSION = YES;
				CLANG_WARN_OBJC_IMPLICIT_RETAIN_SELF = YES;
				CLANG_WARN_OBJC_LITERAL_CONVERSION = YES;
				CLANG_WARN_OBJC_ROOT_CLASS = YES_ERROR;
				CLANG_WARN_QUOTED_INCLUDE_IN_FRAMEWORK_HEADER = YES;
				CLANG_WARN_RANGE_LOOP_ANALYSIS = YES;
				CLANG_WARN_STRICT_PROTOTYPES = YES;
				CLANG_WARN_SUSPICIOUS_MOVE = YES;
				CLANG_WARN_UNGUARDED_AVAILABILITY = YES_AGGRESSIVE;
				CLANG_WARN_UNREACHABLE_CODE = YES;
				CLANG_WARN__DUPLICATE_METHOD_MATCH = YES;
				COPY_PHASE_STRIP = NO;
				DEBUG_INFORMATION_FORMAT = "dwarf-with-dsym";
				DEVELOPMENT_TEAM = 5Q5QT76MJU;
				ENABLE_NS_ASSERTIONS = NO;
				ENABLE_STRICT_OBJC_MSGSEND = YES;
				ENABLE_USER_SCRIPT_SANDBOXING = YES;
				GCC_C_LANGUAGE_STANDARD = gnu17;
				GCC_NO_COMMON_BLOCKS = YES;
				GCC_WARN_64_TO_32_BIT_CONVERSION = YES;
				GCC_WARN_ABOUT_RETURN_TYPE = YES_ERROR;
				GCC_WARN_UNDECLARED_SELECTOR = YES;
				GCC_WARN_UNINITIALIZED_AUTOS = YES_AGGRESSIVE;
				GCC_WARN_UNUSED_FUNCTION = YES;
				GCC_WARN_UNUSED_VARIABLE = YES;
				LOCALIZATION_PREFERS_STRING_CATALOGS = YES;
				MACOSX_DEPLOYMENT_TARGET = 26.0;
				MTL_ENABLE_DEBUG_INFO = NO;
				MTL_FAST_MATH = YES;
				SDKROOT = macosx;
				SWIFT_COMPILATION_MODE = wholemodule;
			};
			name = Release;
		};
		45B26F382FC4874E009BAE8A /* Debug */ = {
			isa = XCBuildConfiguration;
			buildSettings = {
				ASSETCATALOG_COMPILER_APPICON_NAME = Obelisk;
				CODE_SIGN_STYLE = Automatic;
				COMBINE_HIDPI_IMAGES = YES;
				CURRENT_PROJECT_VERSION = 1;
				DEVELOPMENT_TEAM = 5Q5QT76MJU;
				ENABLE_APP_SANDBOX = NO;
				ENABLE_HARDENED_RUNTIME = YES;
				ENABLE_PREVIEWS = YES;
				GENERATE_INFOPLIST_FILE = YES;
				CODE_SIGN_ENTITLEMENTS = Obelisk/Obelisk.entitlements;
				INFOPLIST_KEY_CFBundleDisplayName = Obelisk;
				INFOPLIST_KEY_LSApplicationCategoryType = "public.app-category.productivity";
				INFOPLIST_KEY_LSUIElement = YES;
				INFOPLIST_KEY_NSAppleEventsUsageDescription = "Obelisk uses AppleScript to read the URL and title of the active tab from your frontmost browser when you press the global add-bookmark shortcut.";
				INFOPLIST_KEY_NSHumanReadableCopyright = "";
				LD_RUNPATH_SEARCH_PATHS = (
					"$(inherited)",
					"@executable_path/../Frameworks",
				);
				MARKETING_VERSION = 1.3.6;
				PRODUCT_BUNDLE_IDENTIFIER = com.eli.Obelisk;
				PRODUCT_NAME = "$(TARGET_NAME)";
				STRING_CATALOG_GENERATE_SYMBOLS = YES;
				SWIFT_APPROACHABLE_CONCURRENCY = YES;
				SWIFT_EMIT_LOC_STRINGS = YES;
				SWIFT_UPCOMING_FEATURE_MEMBER_IMPORT_VISIBILITY = YES;
				SWIFT_VERSION = 6.0;
			};
			name = Debug;
		};
		45B26F392FC4874E009BAE8A /* Release */ = {
			isa = XCBuildConfiguration;
			buildSettings = {
				ASSETCATALOG_COMPILER_APPICON_NAME = Obelisk;
				CODE_SIGN_STYLE = Automatic;
				COMBINE_HIDPI_IMAGES = YES;
				CURRENT_PROJECT_VERSION = 1;
				DEVELOPMENT_TEAM = 5Q5QT76MJU;
				ENABLE_APP_SANDBOX = NO;
				ENABLE_HARDENED_RUNTIME = YES;
				ENABLE_PREVIEWS = YES;
				GENERATE_INFOPLIST_FILE = YES;
				CODE_SIGN_ENTITLEMENTS = Obelisk/Obelisk.entitlements;
				INFOPLIST_KEY_CFBundleDisplayName = Obelisk;
				INFOPLIST_KEY_LSApplicationCategoryType = "public.app-category.productivity";
				INFOPLIST_KEY_LSUIElement = YES;
				INFOPLIST_KEY_NSAppleEventsUsageDescription = "Obelisk uses AppleScript to read the URL and title of the active tab from your frontmost browser when you press the global add-bookmark shortcut.";
				INFOPLIST_KEY_NSHumanReadableCopyright = "";
				LD_RUNPATH_SEARCH_PATHS = (
					"$(inherited)",
					"@executable_path/../Frameworks",
				);
				MARKETING_VERSION = 1.3.6;
				PRODUCT_BUNDLE_IDENTIFIER = com.eli.Obelisk;
				PRODUCT_NAME = "$(TARGET_NAME)";
				STRING_CATALOG_GENERATE_SYMBOLS = YES;
				SWIFT_APPROACHABLE_CONCURRENCY = YES;
				SWIFT_EMIT_LOC_STRINGS = YES;
				SWIFT_UPCOMING_FEATURE_MEMBER_IMPORT_VISIBILITY = YES;
				SWIFT_VERSION = 6.0;
			};
			name = Release;
		};
		45B26F3B2FC4874E009BAE8A /* Debug */ = {
			isa = XCBuildConfiguration;
			buildSettings = {
				BUNDLE_LOADER = "$(TEST_HOST)";
				CODE_SIGN_STYLE = Automatic;
				CURRENT_PROJECT_VERSION = 1;
				DEVELOPMENT_TEAM = 5Q5QT76MJU;
				GENERATE_INFOPLIST_FILE = YES;
				MACOSX_DEPLOYMENT_TARGET = 26.0;
				MARKETING_VERSION = 1.0;
				PRODUCT_BUNDLE_IDENTIFIER = com.eli.ObeliskTests;
				PRODUCT_NAME = "$(TARGET_NAME)";
				STRING_CATALOG_GENERATE_SYMBOLS = NO;
				SWIFT_APPROACHABLE_CONCURRENCY = YES;
				SWIFT_EMIT_LOC_STRINGS = NO;
				SWIFT_UPCOMING_FEATURE_MEMBER_IMPORT_VISIBILITY = YES;
				SWIFT_VERSION = 6.0;
				TEST_HOST = "$(BUILT_PRODUCTS_DIR)/Obelisk.app/$(BUNDLE_EXECUTABLE_FOLDER_PATH)/Obelisk";
			};
			name = Debug;
		};
		45B26F3C2FC4874E009BAE8A /* Release */ = {
			isa = XCBuildConfiguration;
			buildSettings = {
				BUNDLE_LOADER = "$(TEST_HOST)";
				CODE_SIGN_STYLE = Automatic;
				CURRENT_PROJECT_VERSION = 1;
				DEVELOPMENT_TEAM = 5Q5QT76MJU;
				GENERATE_INFOPLIST_FILE = YES;
				MACOSX_DEPLOYMENT_TARGET = 26.0;
				MARKETING_VERSION = 1.0;
				PRODUCT_BUNDLE_IDENTIFIER = com.eli.ObeliskTests;
				PRODUCT_NAME = "$(TARGET_NAME)";
				STRING_CATALOG_GENERATE_SYMBOLS = NO;
				SWIFT_APPROACHABLE_CONCURRENCY = YES;
				SWIFT_EMIT_LOC_STRINGS = NO;
				SWIFT_UPCOMING_FEATURE_MEMBER_IMPORT_VISIBILITY = YES;
				SWIFT_VERSION = 6.0;
				TEST_HOST = "$(BUILT_PRODUCTS_DIR)/Obelisk.app/$(BUNDLE_EXECUTABLE_FOLDER_PATH)/Obelisk";
			};
			name = Release;
		};
		45B26F3E2FC4874E009BAE8A /* Debug */ = {
			isa = XCBuildConfiguration;
			buildSettings = {
				CODE_SIGN_STYLE = Automatic;
				CURRENT_PROJECT_VERSION = 1;
				DEVELOPMENT_TEAM = 5Q5QT76MJU;
				GENERATE_INFOPLIST_FILE = YES;
				MARKETING_VERSION = 1.0;
				PRODUCT_BUNDLE_IDENTIFIER = com.eli.ObeliskUITests;
				PRODUCT_NAME = "$(TARGET_NAME)";
				STRING_CATALOG_GENERATE_SYMBOLS = NO;
				SWIFT_APPROACHABLE_CONCURRENCY = YES;
				SWIFT_EMIT_LOC_STRINGS = NO;
				SWIFT_UPCOMING_FEATURE_MEMBER_IMPORT_VISIBILITY = YES;
				SWIFT_VERSION = 6.0;
				TEST_TARGET_NAME = Obelisk;
			};
			name = Debug;
		};
		45B26F3F2FC4874E009BAE8A /* Release */ = {
			isa = XCBuildConfiguration;
			buildSettings = {
				CODE_SIGN_STYLE = Automatic;
				CURRENT_PROJECT_VERSION = 1;
				DEVELOPMENT_TEAM = 5Q5QT76MJU;
				GENERATE_INFOPLIST_FILE = YES;
				MARKETING_VERSION = 1.0;
				PRODUCT_BUNDLE_IDENTIFIER = com.eli.ObeliskUITests;
				PRODUCT_NAME = "$(TARGET_NAME)";
				STRING_CATALOG_GENERATE_SYMBOLS = NO;
				SWIFT_APPROACHABLE_CONCURRENCY = YES;
				SWIFT_EMIT_LOC_STRINGS = NO;
				SWIFT_UPCOMING_FEATURE_MEMBER_IMPORT_VISIBILITY = YES;
				SWIFT_VERSION = 6.0;
				TEST_TARGET_NAME = Obelisk;
			};
			name = Release;
		};
/* End XCBuildConfiguration section */

/* Begin XCConfigurationList section */
		45B26F112FC4874D009BAE8A /* Build configuration list for PBXProject "Obelisk" */ = {
			isa = XCConfigurationList;
			buildConfigurations = (
				45B26F352FC4874D009BAE8A /* Debug */,
				45B26F362FC4874D009BAE8A /* Release */,
			);
			defaultConfigurationIsVisible = 0;
			defaultConfigurationName = Release;
		};
		45B26F372FC4874E009BAE8A /* Build configuration list for PBXNativeTarget "Obelisk" */ = {
			isa = XCConfigurationList;
			buildConfigurations = (
				45B26F382FC4874E009BAE8A /* Debug */,
				45B26F392FC4874E009BAE8A /* Release */,
			);
			defaultConfigurationIsVisible = 0;
			defaultConfigurationName = Release;
		};
		45B26F3A2FC4874E009BAE8A /* Build configuration list for PBXNativeTarget "ObeliskTests" */ = {
			isa = XCConfigurationList;
			buildConfigurations = (
				45B26F3B2FC4874E009BAE8A /* Debug */,
				45B26F3C2FC4874E009BAE8A /* Release */,
			);
			defaultConfigurationIsVisible = 0;
			defaultConfigurationName = Release;
		};
		45B26F3D2FC4874E009BAE8A /* Build configuration list for PBXNativeTarget "ObeliskUITests" */ = {
			isa = XCConfigurationList;
			buildConfigurations = (
				45B26F3E2FC4874E009BAE8A /* Debug */,
				45B26F3F2FC4874E009BAE8A /* Release */,
			);
			defaultConfigurationIsVisible = 0;
			defaultConfigurationName = Release;
		};
/* End XCConfigurationList section */
	};
	rootObject = 45B26F0E2FC4874D009BAE8A /* Project object */;
}
