// !$*UTF8*$!
{
	archiveVersion = 1;
	classes = {
	};
	objectVersion = 77;
	objects = {

/* Begin PBXBuildFile section */
		C1C0A0012FC4A00000000001 /* Obelisk.icon in Resources */ = {isa = PBXBuildFile; fileRef = C1C0A0022FC4A00000000002 /* Obelisk.icon */; };
		C1C0A0042FC4A00000000004 /* Obelisk.icon in Resources */ = {isa = PBXBuildFile; fileRef = C1C0A0022FC4A00000000002 /* Obelisk.icon */; };
		E10B00123005D00000000012 /* ObeliskCore in Frameworks */ = {isa = PBXBuildFile; productRef = E10B00023005D00000000002 /* ObeliskCore */; };
		E10B00133005D00000000013 /* ObeliskData in Frameworks */ = {isa = PBXBuildFile; productRef = E10B00033005D00000000003 /* ObeliskData */; };
		E10B00143005D00000000014 /* ObeliskSync in Frameworks */ = {isa = PBXBuildFile; productRef = E10B00043005D00000000004 /* ObeliskSync */; };
		E10B00153005D00000000015 /* ObeliskCore in Frameworks */ = {isa = PBXBuildFile; productRef = E10B00053005D00000000005 /* ObeliskCore */; };
		E10B00163005D00000000016 /* ObeliskData in Frameworks */ = {isa = PBXBuildFile; productRef = E10B00063005D00000000006 /* ObeliskData */; };
		E10B00173005D00000000017 /* ObeliskSync in Frameworks */ = {isa = PBXBuildFile; productRef = E10B00073005D00000000007 /* ObeliskSync */; };
		E1AI00023006000000000002 /* Obelisk/TitleOptimizer.swift in Sources */ = {isa = PBXBuildFile; fileRef = E1AI00013006000000000001 /* Obelisk/TitleOptimizer.swift */; };
		E1KS00032FC4A00100000003 /* KeyboardShortcuts in Frameworks */ = {isa = PBXBuildFile; productRef = E1KS00022FC4A00100000002 /* KeyboardShortcuts */; };
		E1SP00032FC4A00100000003 /* Sparkle in Frameworks */ = {isa = PBXBuildFile; productRef = E1SP00022FC4A00100000002 /* Sparkle */; };
/* End PBXBuildFile section */

/* Begin PBXContainerItemProxy section */
		45B26F242FC4874D009BAE8A /* PBXContainerItemProxy */ = {
			isa = PBXContainerItemProxy;
			containerPortal = 45B26F0E2FC4874D009BAE8A /* Project object */;
			proxyType = 1;
			remoteGlobalIDString = 45B26F152FC4874D009BAE8A;
			remoteInfo = Obelisk;
		};
		45B26F2E2FC4874D009BAE8A /* PBXContainerItemProxy */ = {
			isa = PBXContainerItemProxy;
			containerPortal = 45B26F0E2FC4874D009BAE8A /* Project object */;
			proxyType = 1;
			remoteGlobalIDString = 45B26F152FC4874D009BAE8A;
			remoteInfo = Obelisk;
		};
		45BDB2543005C8A9000021E6 /* PBXContainerItemProxy */ = {
			isa = PBXContainerItemProxy;
			containerPortal = 45B26F0E2FC4874D009BAE8A /* Project object */;
			proxyType = 1;
			remoteGlobalIDString = 45BDB2463005C8A7000021E6;
			remoteInfo = "Obelisk iOS";
		};
		45BDB25E3005C8A9000021E6 /* PBXContainerItemProxy */ = {
			isa = PBXContainerItemProxy;
			containerPortal = 45B26F0E2FC4874D009BAE8A /* Project object */;
			proxyType = 1;
			remoteGlobalIDString = 45BDB2463005C8A7000021E6;
			remoteInfo = "Obelisk iOS";
		};
/* End PBXContainerItemProxy section */

/* Begin PBXFileReference section */
		45B26F162FC4874D009BAE8A /* Obelisk.app */ = {isa = PBXFileReference; explicitFileType = wrapper.application; includeInIndex = 0; path = Obelisk.app; sourceTree = BUILT_PRODUCTS_DIR; };
		45B26F232FC4874D009BAE8A /* ObeliskTests.xctest */ = {isa = PBXFileReference; explicitFileType = wrapper.cfbundle; includeInIndex = 0; path = ObeliskTests.xctest; sourceTree = BUILT_PRODUCTS_DIR; };
		45B26F2D2FC4874D009BAE8A /* ObeliskUITests.xctest */ = {isa = PBXFileReference; explicitFileType = wrapper.cfbundle; includeInIndex = 0; path = ObeliskUITests.xctest; sourceTree = BUILT_PRODUCTS_DIR; };
		45BDB2473005C8A7000021E6 /* Obelisk.app */ = {isa = PBXFileReference; explicitFileType = wrapper.application; includeInIndex = 0; path = Obelisk.app; sourceTree = BUILT_PRODUCTS_DIR; };
		45BDB2533005C8A9000021E6 /* Obelisk iOSTests.xctest */ = {isa = PBXFileReference; explicitFileType = wrapper.cfbundle; includeInIndex = 0; path = "Obelisk iOSTests.xctest"; sourceTree = BUILT_PRODUCTS_DIR; };
		45BDB25D3005C8A9000021E6 /* Obelisk iOSUITests.xctest */ = {isa = PBXFileReference; explicitFileType = wrapper.cfbundle; includeInIndex = 0; path = "Obelisk iOSUITests.xctest"; sourceTree = BUILT_PRODUCTS_DIR; };
		C1C0A0022FC4A00000000002 /* Obelisk.icon */ = {isa = PBXFileReference; lastKnownFileType = wrapper.icon; path = Obelisk.icon; sourceTree = "<group>"; };
		E1AI00013006000000000001 /* Obelisk/TitleOptimizer.swift */ = {isa = PBXFileReference; lastKnownFileType = sourcecode.swift; path = Obelisk/TitleOptimizer.swift; sourceTree = SOURCE_ROOT; };
/* End PBXFileReference section */

/* Begin PBXFileSystemSynchronizedBuildFileExceptionSet section */
		C1C0A0032FC4A00000000003 /* Exceptions for "Obelisk" folder in "Obelisk" target */ = {
			isa = PBXFileSystemSynchronizedBuildFileExceptionSet;
			membershipExceptions = (
				Info.plist,
			);
			target = 45B26F152FC4874D009BAE8A /* Obelisk */;
		};
		C1C0A0043005F00000000004 /* Exceptions for "Obelisk iOS" folder in "Obelisk iOS" target */ = {
			isa = PBXFileSystemSynchronizedBuildFileExceptionSet;
			membershipExceptions = (
				Info.plist,
			);
			target = 45BDB2463005C8A7000021E6 /* Obelisk iOS */;
		};
/* End PBXFileSystemSynchronizedBuildFileExceptionSet section */

/* Begin PBXFileSystemSynchronizedRootGroup section */
		45B26F182FC4874D009BAE8A /* Obelisk */ = {
			isa = PBXFileSystemSynchronizedRootGroup;
			exceptions = (
				C1C0A0032FC4A00000000003 /* Exceptions for "Obelisk" folder in "Obelisk" target */,
			);
			path = Obelisk;
			sourceTree = "<group>";
		};
		45B26F262FC4874D009BAE8A /* ObeliskTests */ = {
			isa = PBXFileSystemSynchronizedRootGroup;
			path = ObeliskTests;
			sourceTree = "<group>";
		};
		45B26F302FC4874D009BAE8A /* ObeliskUITests */ = {
			isa = PBXFileSystemSynchronizedRootGroup;
			path = ObeliskUITests;
			sourceTree = "<group>";
		};
		45BDB2483005C8A7000021E6 /* Obelisk iOS */ = {
			isa = PBXFileSystemSynchronizedRootGroup;
			exceptions = (
				C1C0A0043005F00000000004 /* Exceptions for "Obelisk iOS" folder in "Obelisk iOS" target */,
			);
			path = "Obelisk iOS";
			sourceTree = "<group>";
		};
		45BDB2563005C8A9000021E6 /* Obelisk iOSTests */ = {
			isa = PBXFileSystemSynchronizedRootGroup;
			path = "Obelisk iOSTests";
			sourceTree = "<group>";
		};
		45BDB2603005C8A9000021E6 /* Obelisk iOSUITests */ = {
			isa = PBXFileSystemSynchronizedRootGroup;
			path = "Obelisk iOSUITests";
			sourceTree = "<group>";
		};
/* End PBXFileSystemSynchronizedRootGroup section */

/* Begin PBXFrameworksBuildPhase section */
		45B26F132FC4874D009BAE8A /* Frameworks */ = {
			isa = PBXFrameworksBuildPhase;
			buildActionMask = 2147483647;
			files = (
				E10B00123005D00000000012 /* ObeliskCore in Frameworks */,
				E10B00133005D00000000013 /* ObeliskData in Frameworks */,
				E10B00143005D00000000014 /* ObeliskSync in Frameworks */,
				E1KS00032FC4A00100000003 /* KeyboardShortcuts in Frameworks */,
				E1SP00032FC4A00100000003 /* Sparkle in Frameworks */,
			);
			runOnlyForDeploymentPostprocessing = 0;
		};
		45B26F202FC4874D009BAE8A /* Frameworks */ = {
			isa = PBXFrameworksBuildPhase;
			buildActionMask = 2147483647;
			files = (
			);
			runOnlyForDeploymentPostprocessing = 0;
		};
		45B26F2A2FC4874D009BAE8A /* Frameworks */ = {
			isa = PBXFrameworksBuildPhase;
			buildActionMask = 2147483647;
			files = (
			);
			runOnlyForDeploymentPostprocessing = 0;
		};
		45BDB2443005C8A7000021E6 /* Frameworks */ = {
			isa = PBXFrameworksBuildPhase;
			buildActionMask = 2147483647;
			files = (
				E10B00153005D00000000015 /* ObeliskCore in Frameworks */,
				E10B00163005D00000000016 /* ObeliskData in Frameworks */,
				E10B00173005D00000000017 /* ObeliskSync in Frameworks */,
			);
			runOnlyForDeploymentPostprocessing = 0;
		};
		45BDB2503005C8A9000021E6 /* Frameworks */ = {
			isa = PBXFrameworksBuildPhase;
			buildActionMask = 2147483647;
			files = (
			);
			runOnlyForDeploymentPostprocessing = 0;
		};
		45BDB25A3005C8A9000021E6 /* Frameworks */ = {
			isa = PBXFrameworksBuildPhase;
			buildActionMask = 2147483647;
			files = (
			);
			runOnlyForDeploymentPostprocessing = 0;
		};
/* End PBXFrameworksBuildPhase section */

/* Begin PBXGroup section */
		4511A70D30065D650057934F /* Recovered References */ = {
			isa = PBXGroup;
			children = (
				E1AI00013006000000000001 /* Obelisk/TitleOptimizer.swift */,
			);
			name = "Recovered References";
			sourceTree = "<group>";
		};
		45B26F0D2FC4874D009BAE8A = {
			isa = PBXGroup;
			children = (
				C1C0A0022FC4A00000000002 /* Obelisk.icon */,
				45B26F182FC4874D009BAE8A /* Obelisk */,
				45B26F262FC4874D009BAE8A /* ObeliskTests */,
				45B26F302FC4874D009BAE8A /* ObeliskUITests */,
				45BDB2483005C8A7000021E6 /* Obelisk iOS */,
				45BDB2563005C8A9000021E6 /* Obelisk iOSTests */,
				45BDB2603005C8A9000021E6 /* Obelisk iOSUITests */,
				45B26F172FC4874D009BAE8A /* Products */,
				4511A70D30065D650057934F /* Recovered References */,
			);
			sourceTree = "<group>";
		};
		45B26F172FC4874D009BAE8A /* Products */ = {
			isa = PBXGroup;
			children = (
				45B26F162FC4874D009BAE8A /* Obelisk.app */,
				45B26F232FC4874D009BAE8A /* ObeliskTests.xctest */,
				45B26F2D2FC4874D009BAE8A /* ObeliskUITests.xctest */,
				45BDB2473005C8A7000021E6 /* Obelisk.app */,
				45BDB2533005C8A9000021E6 /* Obelisk iOSTests.xctest */,
				45BDB25D3005C8A9000021E6 /* Obelisk iOSUITests.xctest */,
			);
			name = Products;
			sourceTree = "<group>";
		};
/* End PBXGroup section */

/* Begin PBXNativeTarget section */
		45B26F152FC4874D009BAE8A /* Obelisk */ = {
			isa = PBXNativeTarget;
			buildConfigurationList = 45B26F372FC4874E009BAE8A /* Build configuration list for PBXNativeTarget "Obelisk" */;
			buildPhases = (
				45B26F122FC4874D009BAE8A /* Sources */,
				45B26F132FC4874D009BAE8A /* Frameworks */,
				45B26F142FC4874D009BAE8A /* Resources */,
			);
			buildRules = (
			);
			dependencies = (
			);
			fileSystemSynchronizedGroups = (
				45B26F182FC4874D009BAE8A /* Obelisk */,
			);
			name = Obelisk;
			packageProductDependencies = (
				E10B00023005D00000000002 /* ObeliskCore */,
				E10B00033005D00000000003 /* ObeliskData */,
				E10B00043005D00000000004 /* ObeliskSync */,
				E1KS00022FC4A00100000002 /* KeyboardShortcuts */,
				E1SP00022FC4A00100000002 /* Sparkle */,
			);
			productName = Obelisk;
			productReference = 45B26F162FC4874D009BAE8A /* Obelisk.app */;
			productType = "com.apple.product-type.application";
		};
		45B26F222FC4874D009BAE8A /* ObeliskTests */ = {
			isa = PBXNativeTarget;
			buildConfigurationList = 45B26F3A2FC4874E009BAE8A /* Build configuration list for PBXNativeTarget "ObeliskTests" */;
			buildPhases = (
				45B26F1F2FC4874D009BAE8A /* Sources */,
				45B26F202FC4874D009BAE8A /* Frameworks */,
				45B26F212FC4874D009BAE8A /* Resources */,
			);
			buildRules = (
			);
			dependencies = (
				45B26F252FC4874D009BAE8A /* PBXTargetDependency */,
			);
			fileSystemSynchronizedGroups = (
				45B26F262FC4874D009BAE8A /* ObeliskTests */,
			);
			name = ObeliskTests;
			packageProductDependencies = (
			);
			productName = ObeliskTests;
			productReference = 45B26F232FC4874D009BAE8A /* ObeliskTests.xctest */;
			productType = "com.apple.product-type.bundle.unit-test";
		};
		45B26F2C2FC4874D009BAE8A /* ObeliskUITests */ = {
			isa = PBXNativeTarget;
			buildConfigurationList = 45B26F3D2FC4874E009BAE8A /* Build configuration list for PBXNativeTarget "ObeliskUITests" */;
			buildPhases = (
				45B26F292FC4874D009BAE8A /* Sources */,
				45B26F2A2FC4874D009BAE8A /* Frameworks */,
				45B26F2B2FC4874D009BAE8A /* Resources */,
			);
			buildRules = (
			);
			dependencies = (
				45B26F2F2FC4874D009BAE8A /* PBXTargetDependency */,
			);
			fileSystemSynchronizedGroups = (
				45B26F302FC4874D009BAE8A /* ObeliskUITests */,
			);
			name = ObeliskUITests;
			packageProductDependencies = (
			);
			productName = ObeliskUITests;
			productReference = 45B26F2D2FC4874D009BAE8A /* ObeliskUITests.xctest */;
			productType = "com.apple.product-type.bundle.ui-testing";
		};
		45BDB2463005C8A7000021E6 /* Obelisk iOS */ = {
			isa = PBXNativeTarget;
			buildConfigurationList = 45BDB2693005C8A9000021E6 /* Build configuration list for PBXNativeTarget "Obelisk iOS" */;
			buildPhases = (
				45BDB2433005C8A7000021E6 /* Sources */,
				45BDB2443005C8A7000021E6 /* Frameworks */,
				45BDB2453005C8A7000021E6 /* Resources */,
			);
			buildRules = (
			);
			dependencies = (
			);
			fileSystemSynchronizedGroups = (
				45BDB2483005C8A7000021E6 /* Obelisk iOS */,
			);
			name = "Obelisk iOS";
			packageProductDependencies = (
				E10B00053005D00000000005 /* ObeliskCore */,
				E10B00063005D00000000006 /* ObeliskData */,
				E10B00073005D00000000007 /* ObeliskSync */,
			);
			productName = "Obelisk iOS";
			productReference = 45BDB2473005C8A7000021E6 /* Obelisk.app */;
			productType = "com.apple.product-type.application";
		};
		45BDB2523005C8A9000021E6 /* Obelisk iOSTests */ = {
			isa = PBXNativeTarget;
			buildConfigurationList = 45BDB26A3005C8A9000021E6 /* Build configuration list for PBXNativeTarget "Obelisk iOSTests" */;
			buildPhases = (
				45BDB24F3005C8A9000021E6 /* Sources */,
				45BDB2503005C8A9000021E6 /* Frameworks */,
				45BDB2513005C8A9000021E6 /* Resources */,
			);
			buildRules = (
			);
			dependencies = (
				45BDB2553005C8A9000021E6 /* PBXTargetDependency */,
			);
			fileSystemSynchronizedGroups = (
				45BDB2563005C8A9000021E6 /* Obelisk iOSTests */,
			);
			name = "Obelisk iOSTests";
			packageProductDependencies = (
			);
			productName = "Obelisk iOSTests";
			productReference = 45BDB2533005C8A9000021E6 /* Obelisk iOSTests.xctest */;
			productType = "com.apple.product-type.bundle.unit-test";
		};
		45BDB25C3005C8A9000021E6 /* Obelisk iOSUITests */ = {
			isa = PBXNativeTarget;
			buildConfigurationList = 45BDB26B3005C8A9000021E6 /* Build configuration list for PBXNativeTarget "Obelisk iOSUITests" */;
			buildPhases = (
				45BDB2593005C8A9000021E6 /* Sources */,
				45BDB25A3005C8A9000021E6 /* Frameworks */,
				45BDB25B3005C8A9000021E6 /* Resources */,
			);
			buildRules = (
			);
			dependencies = (
				45BDB25F3005C8A9000021E6 /* PBXTargetDependency */,
			);
			fileSystemSynchronizedGroups = (
				45BDB2603005C8A9000021E6 /* Obelisk iOSUITests */,
			);
			name = "Obelisk iOSUITests";
			packageProductDependencies = (
			);
			productName = "Obelisk iOSUITests";
			productReference = 45BDB25D3005C8A9000021E6 /* Obelisk iOSUITests.xctest */;
			productType = "com.apple.product-type.bundle.ui-testing";
		};
/* End PBXNativeTarget section */

/* Begin PBXProject section */
		45B26F0E2FC4874D009BAE8A /* Project object */ = {
			isa = PBXProject;
			attributes = {
				BuildIndependentTargetsInParallel = 1;
				LastSwiftUpdateCheck = 2700;
				LastUpgradeCheck = 2650;
				TargetAttributes = {
					45B26F152FC4874D009BAE8A = {
						CreatedOnToolsVersion = 26.5;
					};
					45B26F222FC4874D009BAE8A = {
						CreatedOnToolsVersion = 26.5;
						TestTargetID = 45B26F152FC4874D009BAE8A;
					};
					45B26F2C2FC4874D009BAE8A = {
						CreatedOnToolsVersion = 26.5;
						TestTargetID = 45B26F152FC4874D009BAE8A;
					};
					45BDB2463005C8A7000021E6 = {
						CreatedOnToolsVersion = 27.0;
					};
					45BDB2523005C8A9000021E6 = {
						CreatedOnToolsVersion = 27.0;
						TestTargetID = 45BDB2463005C8A7000021E6;
					};
					45BDB25C3005C8A9000021E6 = {
						CreatedOnToolsVersion = 27.0;
						TestTargetID = 45BDB2463005C8A7000021E6;
					};
				};
			};
			buildConfigurationList = 45B26F112FC4874D009BAE8A /* Build configuration list for PBXProject "Obelisk" */;
			developmentRegion = en;
			hasScannedForEncodings = 0;
			knownRegions = (
				en,
				Base,
				"zh-Hans",
			);
			mainGroup = 45B26F0D2FC4874D009BAE8A;
			minimizedProjectReferenceProxies = 1;
			packageReferences = (
				E10B00013005D00000000001 /* XCLocalSwiftPackageReference "Packages/ObeliskKit" */,
				E1KS00012FC4A00100000001 /* XCRemoteSwiftPackageReference "KeyboardShortcuts" */,
				E1SP00012FC4A00100000001 /* XCRemoteSwiftPackageReference "Sparkle" */,
			);
			preferredProjectObjectVersion = 77;
			productRefGroup = 45B26F172FC4874D009BAE8A /* Products */;
			projectDirPath = "";
			projectRoot = "";
			targets = (
				45B26F152FC4874D009BAE8A /* Obelisk */,
				45B26F222FC4874D009BAE8A /* ObeliskTests */,
				45B26F2C2FC4874D009BAE8A /* ObeliskUITests */,
				45BDB2463005C8A7000021E6 /* Obelisk iOS */,
				45BDB2523005C8A9000021E6 /* Obelisk iOSTests */,
				45BDB25C3005C8A9000021E6 /* Obelisk iOSUITests */,
			);
		};
/* End PBXProject section */

/* Begin PBXResourcesBuildPhase section */
		45B26F142FC4874D009BAE8A /* Resources */ = {
			isa = PBXResourcesBuildPhase;
			buildActionMask = 2147483647;
			files = (
				C1C0A0012FC4A00000000001 /* Obelisk.icon in Resources */,
			);
			runOnlyForDeploymentPostprocessing = 0;
		};
		45B26F212FC4874D009BAE8A /* Resources */ = {
			isa = PBXResourcesBuildPhase;
			buildActionMask = 2147483647;
			files = (
			);
			runOnlyForDeploymentPostprocessing = 0;
		};
		45B26F2B2FC4874D009BAE8A /* Resources */ = {
			isa = PBXResourcesBuildPhase;
			buildActionMask = 2147483647;
			files = (
			);
			runOnlyForDeploymentPostprocessing = 0;
		};
		45BDB2453005C8A7000021E6 /* Resources */ = {
			isa = PBXResourcesBuildPhase;
			buildActionMask = 2147483647;
			files = (
				C1C0A0042FC4A00000000004 /* Obelisk.icon in Resources */,
			);
			runOnlyForDeploymentPostprocessing = 0;
		};
		45BDB2513005C8A9000021E6 /* Resources */ = {
			isa = PBXResourcesBuildPhase;
			buildActionMask = 2147483647;
			files = (
			);
			runOnlyForDeploymentPostprocessing = 0;
		};
		45BDB25B3005C8A9000021E6 /* Resources */ = {
			isa = PBXResourcesBuildPhase;
			buildActionMask = 2147483647;
			files = (
			);
			runOnlyForDeploymentPostprocessing = 0;
		};
/* End PBXResourcesBuildPhase section */

/* Begin PBXSourcesBuildPhase section */
		45B26F122FC4874D009BAE8A /* Sources */ = {
			isa = PBXSourcesBuildPhase;
			buildActionMask = 2147483647;
			files = (
			);
			runOnlyForDeploymentPostprocessing = 0;
		};
		45B26F1F2FC4874D009BAE8A /* Sources */ = {
			isa = PBXSourcesBuildPhase;
			buildActionMask = 2147483647;
			files = (
			);
			runOnlyForDeploymentPostprocessing = 0;
		};
		45B26F292FC4874D009BAE8A /* Sources */ = {
			isa = PBXSourcesBuildPhase;
			buildActionMask = 2147483647;
			files = (
			);
			runOnlyForDeploymentPostprocessing = 0;
		};
		45BDB2433005C8A7000021E6 /* Sources */ = {
			isa = PBXSourcesBuildPhase;
			buildActionMask = 2147483647;
			files = (
				E1AI00023006000000000002 /* Obelisk/TitleOptimizer.swift in Sources */,
			);
			runOnlyForDeploymentPostprocessing = 0;
		};
		45BDB24F3005C8A9000021E6 /* Sources */ = {
			isa = PBXSourcesBuildPhase;
			buildActionMask = 2147483647;
			files = (
			);
			runOnlyForDeploymentPostprocessing = 0;
		};
		45BDB2593005C8A9000021E6 /* Sources */ = {
			isa = PBXSourcesBuildPhase;
			buildActionMask = 2147483647;
			files = (
			);
			runOnlyForDeploymentPostprocessing = 0;
		};
/* End PBXSourcesBuildPhase section */

/* Begin PBXTargetDependency section */
		45B26F252FC4874D009BAE8A /* PBXTargetDependency */ = {
			isa = PBXTargetDependency;
			target = 45B26F152FC4874D009BAE8A /* Obelisk */;
			targetProxy = 45B26F242FC4874D009BAE8A /* PBXContainerItemProxy */;
		};
		45B26F2F2FC4874D009BAE8A /* PBXTargetDependency */ = {
			isa = PBXTargetDependency;
			target = 45B26F152FC4874D009BAE8A /* Obelisk */;
			targetProxy = 45B26F2E2FC4874D009BAE8A /* PBXContainerItemProxy */;
		};
		45BDB2553005C8A9000021E6 /* PBXTargetDependency */ = {
			isa = PBXTargetDependency;
			target = 45BDB2463005C8A7000021E6 /* Obelisk iOS */;
			targetProxy = 45BDB2543005C8A9000021E6 /* PBXContainerItemProxy */;
		};
		45BDB25F3005C8A9000021E6 /* PBXTargetDependency */ = {
			isa = PBXTargetDependency;
			target = 45BDB2463005C8A7000021E6 /* Obelisk iOS */;
			targetProxy = 45BDB25E3005C8A9000021E6 /* PBXContainerItemProxy */;
		};
/* End PBXTargetDependency section */

/* Begin XCBuildConfiguration section */
		45B26F352FC4874D009BAE8A /* Debug */ = {
			isa = XCBuildConfiguration;
			buildSettings = {
				ALWAYS_SEARCH_USER_PATHS = NO;
				ASSETCATALOG_COMPILER_GENERATE_SWIFT_ASSET_SYMBOL_EXTENSIONS = YES;
				CLANG_ANALYZER_NONNULL = YES;
				CLANG_ANALYZER_NUMBER_OBJECT_CONVERSION = YES_AGGRESSIVE;
				CLANG_CXX_LANGUAGE_STANDARD = "gnu++20";
				CLANG_ENABLE_MODULES = YES;
				CLANG_ENABLE_OBJC_ARC = YES;
				CLANG_ENABLE_OBJC_WEAK = YES;
				CLANG_WARN_BLOCK_CAPTURE_AUTORELEASING = YES;
				CLANG_WARN_BOOL_CONVERSION = YES;
				CLANG_WARN_COMMA = YES;
				CLANG_WARN_CONSTANT_CONVERSION = YES;
				CLANG_WARN_DEPRECATED_OBJC_IMPLEMENTATIONS = YES;
				CLANG_WARN_DIRECT_OBJC_ISA_USAGE = YES_ERROR;
				CLANG_WARN_DOCUMENTATION_COMMENTS = YES;
				CLANG_WARN_EMPTY_BODY = YES;
				CLANG_WARN_ENUM_CONVERSION = YES;
				CLANG_WARN_INFINITE_RECURSION = YES;
				CLANG_WARN_INT_CONVERSION = YES;
				CLANG_WARN_NON_LITERAL_NULL_CONVERSION = YES;
				CLANG_WARN_OBJC_IMPLICIT_RETAIN_SELF = YES;
				CLANG_WARN_OBJC_LITERAL_CONVERSION = YES;
				CLANG_WARN_OBJC_ROOT_CLASS = YES_ERROR;
				CLANG_WARN_QUOTED_INCLUDE_IN_FRAMEWORK_HEADER = YES;
				CLANG_WARN_RANGE_LOOP_ANALYSIS = YES;
				CLANG_WARN_STRICT_PROTOTYPES = YES;
				CLANG_WARN_SUSPICIOUS_MOVE = YES;
				CLANG_WARN_UNGUARDED_AVAILABILITY = YES_AGGRESSIVE;
				CLANG_WARN_UNREACHABLE_CODE = YES;
				CLANG_WARN__DUPLICATE_METHOD_MATCH = YES;
				COPY_PHASE_STRIP = NO;
				DEBUG_INFORMATION_FORMAT = dwarf;
				DEVELOPMENT_TEAM = 5Q5QT76MJU;
				ENABLE_STRICT_OBJC_MSGSEND = YES;
				ENABLE_TESTABILITY = YES;
				ENABLE_USER_SCRIPT_SANDBOXING = YES;
				GCC_C_LANGUAGE_STANDARD = gnu17;
				GCC_DYNAMIC_NO_PIC = NO;
				GCC_NO_COMMON_BLOCKS = YES;
				GCC_OPTIMIZATION_LEVEL = 0;
				GCC_PREPROCESSOR_DEFINITIONS = (
					"DEBUG=1",
					"$(inherited)",
				);
				GCC_WARN_64_TO_32_BIT_CONVERSION = YES;
				GCC_WARN_ABOUT_RETURN_TYPE = YES_ERROR;
				GCC_WARN_UNDECLARED_SELECTOR = YES;
				GCC_WARN_UNINITIALIZED_AUTOS = YES_AGGRESSIVE;
				GCC_WARN_UNUSED_FUNCTION = YES;
				GCC_WARN_UNUSED_VARIABLE = YES;
				LOCALIZATION_PREFERS_STRING_CATALOGS = YES;
				MACOSX_DEPLOYMENT_TARGET = 26.0;
				MTL_ENABLE_DEBUG_INFO = INCLUDE_SOURCE;
				MTL_FAST_MATH = YES;
				ONLY_ACTIVE_ARCH = YES;
				SDKROOT = macosx;
				SWIFT_ACTIVE_COMPILATION_CONDITIONS = "DEBUG $(inherited)";
				SWIFT_OPTIMIZATION_LEVEL = "-Onone";
			};
			name = Debug;
		};
		45B26F362FC4874D009BAE8A /* Release */ = {
			isa = XCBuildConfiguration;
			buildSettings = {
				ALWAYS_SEARCH_USER_PATHS = NO;
				ASSETCATALOG_COMPILER_GENERATE_SWIFT_ASSET_SYMBOL_EXTENSIONS = YES;
				CLANG_ANALYZER_NONNULL = YES;
				CLANG_ANALYZER_NUMBER_OBJECT_CONVERSION = YES_AGGRESSIVE;
				CLANG_CXX_LANGUAGE_STANDARD = "gnu++20";
				CLANG_ENABLE_MODULES = YES;
				CLANG_ENABLE_OBJC_ARC = YES;
				CLANG_ENABLE_OBJC_WEAK = YES;
				CLANG_WARN_BLOCK_CAPTURE_AUTORELEASING = YES;
				CLANG_WARN_BOOL_CONVERSION = YES;
				CLANG_WARN_COMMA = YES;
				CLANG_WARN_CONSTANT_CONVERSION = YES;
				CLANG_WARN_DEPRECATED_OBJC_IMPLEMENTATIONS = YES;
				CLANG_WARN_DIRECT_OBJC_ISA_USAGE = YES_ERROR;
				CLANG_WARN_DOCUMENTATION_COMMENTS = YES;
				CLANG_WARN_EMPTY_BODY = YES;
				CLANG_WARN_ENUM_CONVERSION = YES;
				CLANG_WARN_INFINITE_RECURSION = YES;
				CLANG_WARN_INT_CONVERSION = YES;
				CLANG_WARN_NON_LITERAL_NULL_CONVERSION = YES;
				CLANG_WARN_OBJC_IMPLICIT_RETAIN_SELF = YES;
				CLANG_WARN_OBJC_LITERAL_CONVERSION = YES;
				CLANG_WARN_OBJC_ROOT_CLASS = YES_ERROR;
				CLANG_WARN_QUOTED_INCLUDE_IN_FRAMEWORK_HEADER = YES;
				CLANG_WARN_RANGE_LOOP_ANALYSIS = YES;
				CLANG_WARN_STRICT_PROTOTYPES = YES;
				CLANG_WARN_SUSPICIOUS_MOVE = YES;
				CLANG_WARN_UNGUARDED_AVAILABILITY = YES_AGGRESSIVE;
				CLANG_WARN_UNREACHABLE_CODE = YES;
				CLANG_WARN__DUPLICATE_METHOD_MATCH = YES;
				COPY_PHASE_STRIP = NO;
				DEBUG_INFORMATION_FORMAT = "dwarf-with-dsym";
				DEVELOPMENT_TEAM = 5Q5QT76MJU;
				ENABLE_NS_ASSERTIONS = NO;
				ENABLE_STRICT_OBJC_MSGSEND = YES;
				ENABLE_USER_SCRIPT_SANDBOXING = YES;
				GCC_C_LANGUAGE_STANDARD = gnu17;
				GCC_NO_COMMON_BLOCKS = YES;
				GCC_WARN_64_TO_32_BIT_CONVERSION = YES;
				GCC_WARN_ABOUT_RETURN_TYPE = YES_ERROR;
				GCC_WARN_UNDECLARED_SELECTOR = YES;
				GCC_WARN_UNINITIALIZED_AUTOS = YES_AGGRESSIVE;
				GCC_WARN_UNUSED_FUNCTION = YES;
				GCC_WARN_UNUSED_VARIABLE = YES;
				LOCALIZATION_PREFERS_STRING_CATALOGS = YES;
				MACOSX_DEPLOYMENT_TARGET = 26.0;
				MTL_ENABLE_DEBUG_INFO = NO;
				MTL_FAST_MATH = YES;
				SDKROOT = macosx;
				SWIFT_COMPILATION_MODE = wholemodule;
			};
			name = Release;
		};
		45B26F382FC4874E009BAE8A /* Debug */ = {
			isa = XCBuildConfiguration;
			buildSettings = {
				ASSETCATALOG_COMPILER_APPICON_NAME = Obelisk;
				CODE_SIGN_ENTITLEMENTS = Obelisk/Obelisk.entitlements;
				CODE_SIGN_STYLE = Automatic;
				COMBINE_HIDPI_IMAGES = YES;
				CURRENT_PROJECT_VERSION = 11;
				DEVELOPMENT_TEAM = 5Q5QT76MJU;
				ENABLE_APP_SANDBOX = NO;
				ENABLE_HARDENED_RUNTIME = YES;
				ENABLE_PREVIEWS = YES;
				GENERATE_INFOPLIST_FILE = NO;
				INFOPLIST_FILE = Obelisk/Info.plist;
				LD_RUNPATH_SEARCH_PATHS = (
					"$(inherited)",
					"@executable_path/../Frameworks",
				);
				MARKETING_VERSION = 1.9.2;
				PRODUCT_BUNDLE_IDENTIFIER = com.eli.Obelisk;
				PRODUCT_NAME = "$(TARGET_NAME)";
				STRING_CATALOG_GENERATE_SYMBOLS = YES;
				SWIFT_APPROACHABLE_CONCURRENCY = YES;
				SWIFT_EMIT_LOC_STRINGS = YES;
				SWIFT_UPCOMING_FEATURE_MEMBER_IMPORT_VISIBILITY = YES;
				SWIFT_VERSION = 6.0;
			};
			name = Debug;
		};
		45B26F392FC4874E009BAE8A /* Release */ = {
			isa = XCBuildConfiguration;
			buildSettings = {
				ASSETCATALOG_COMPILER_APPICON_NAME = Obelisk;
				CODE_SIGN_ENTITLEMENTS = Obelisk/Obelisk.entitlements;
				CODE_SIGN_STYLE = Automatic;
				COMBINE_HIDPI_IMAGES = YES;
				CURRENT_PROJECT_VERSION = 11;
				DEVELOPMENT_TEAM = 5Q5QT76MJU;
				ENABLE_APP_SANDBOX = NO;
				ENABLE_HARDENED_RUNTIME = YES;
				ENABLE_PREVIEWS = YES;
				GENERATE_INFOPLIST_FILE = NO;
				INFOPLIST_FILE = Obelisk/Info.plist;
				LD_RUNPATH_SEARCH_PATHS = (
					"$(inherited)",
					"@executable_path/../Frameworks",
				);
				MARKETING_VERSION = 1.9.2;
				PRODUCT_BUNDLE_IDENTIFIER = com.eli.Obelisk;
				PRODUCT_NAME = "$(TARGET_NAME)";
				STRING_CATALOG_GENERATE_SYMBOLS = YES;
				SWIFT_APPROACHABLE_CONCURRENCY = YES;
				SWIFT_EMIT_LOC_STRINGS = YES;
				SWIFT_UPCOMING_FEATURE_MEMBER_IMPORT_VISIBILITY = YES;
				SWIFT_VERSION = 6.0;
			};
			name = Release;
		};
		45B26F3B2FC4874E009BAE8A /* Debug */ = {
			isa = XCBuildConfiguration;
			buildSettings = {
				BUNDLE_LOADER = "$(TEST_HOST)";
				CODE_SIGN_STYLE = Automatic;
				CURRENT_PROJECT_VERSION = 1;
				DEVELOPMENT_TEAM = 5Q5QT76MJU;
				GENERATE_INFOPLIST_FILE = YES;
				MACOSX_DEPLOYMENT_TARGET = 26.0;
				MARKETING_VERSION = 1.0;
				PRODUCT_BUNDLE_IDENTIFIER = com.eli.ObeliskTests;
				PRODUCT_NAME = "$(TARGET_NAME)";
				STRING_CATALOG_GENERATE_SYMBOLS = NO;
				SWIFT_APPROACHABLE_CONCURRENCY = YES;
				SWIFT_EMIT_LOC_STRINGS = NO;
				SWIFT_UPCOMING_FEATURE_MEMBER_IMPORT_VISIBILITY = YES;
				SWIFT_VERSION = 6.0;
				TEST_HOST = "$(BUILT_PRODUCTS_DIR)/Obelisk.app/$(BUNDLE_EXECUTABLE_FOLDER_PATH)/Obelisk";
			};
			name = Debug;
		};
		45B26F3C2FC4874E009BAE8A /* Release */ = {
			isa = XCBuildConfiguration;
			buildSettings = {
				BUNDLE_LOADER = "$(TEST_HOST)";
				CODE_SIGN_STYLE = Automatic;
				CURRENT_PROJECT_VERSION = 1;
				DEVELOPMENT_TEAM = 5Q5QT76MJU;
				GENERATE_INFOPLIST_FILE = YES;
				MACOSX_DEPLOYMENT_TARGET = 26.0;
				MARKETING_VERSION = 1.0;
				PRODUCT_BUNDLE_IDENTIFIER = com.eli.ObeliskTests;
				PRODUCT_NAME = "$(TARGET_NAME)";
				STRING_CATALOG_GENERATE_SYMBOLS = NO;
				SWIFT_APPROACHABLE_CONCURRENCY = YES;
				SWIFT_EMIT_LOC_STRINGS = NO;
				SWIFT_UPCOMING_FEATURE_MEMBER_IMPORT_VISIBILITY = YES;
				SWIFT_VERSION = 6.0;
				TEST_HOST = "$(BUILT_PRODUCTS_DIR)/Obelisk.app/$(BUNDLE_EXECUTABLE_FOLDER_PATH)/Obelisk";
			};
			name = Release;
		};
		45B26F3E2FC4874E009BAE8A /* Debug */ = {
			isa = XCBuildConfiguration;
			buildSettings = {
				CODE_SIGN_STYLE = Automatic;
				CURRENT_PROJECT_VERSION = 1;
				DEVELOPMENT_TEAM = 5Q5QT76MJU;
				GENERATE_INFOPLIST_FILE = YES;
				MARKETING_VERSION = 1.0;
				PRODUCT_BUNDLE_IDENTIFIER = com.eli.ObeliskUITests;
				PRODUCT_NAME = "$(TARGET_NAME)";
				STRING_CATALOG_GENERATE_SYMBOLS = NO;
				SWIFT_APPROACHABLE_CONCURRENCY = YES;
				SWIFT_EMIT_LOC_STRINGS = NO;
				SWIFT_UPCOMING_FEATURE_MEMBER_IMPORT_VISIBILITY = YES;
				SWIFT_VERSION = 6.0;
				TEST_TARGET_NAME = Obelisk;
			};
			name = Debug;
		};
		45B26F3F2FC4874E009BAE8A /* Release */ = {
			isa = XCBuildConfiguration;
			buildSettings = {
				CODE_SIGN_STYLE = Automatic;
				CURRENT_PROJECT_VERSION = 1;
				DEVELOPMENT_TEAM = 5Q5QT76MJU;
				GENERATE_INFOPLIST_FILE = YES;
				MARKETING_VERSION = 1.0;
				PRODUCT_BUNDLE_IDENTIFIER = com.eli.ObeliskUITests;
				PRODUCT_NAME = "$(TARGET_NAME)";
				STRING_CATALOG_GENERATE_SYMBOLS = NO;
				SWIFT_APPROACHABLE_CONCURRENCY = YES;
				SWIFT_EMIT_LOC_STRINGS = NO;
				SWIFT_UPCOMING_FEATURE_MEMBER_IMPORT_VISIBILITY = YES;
				SWIFT_VERSION = 6.0;
				TEST_TARGET_NAME = Obelisk;
			};
			name = Release;
		};
		45BDB2633005C8A9000021E6 /* Debug */ = {
			isa = XCBuildConfiguration;
			buildSettings = {
				ASSETCATALOG_COMPILER_APPICON_NAME = Obelisk;
				ASSETCATALOG_COMPILER_GLOBAL_ACCENT_COLOR_NAME = AccentColor;
				CODE_SIGN_STYLE = Automatic;
				CURRENT_PROJECT_VERSION = 2;
				DEVELOPMENT_TEAM = 5Q5QT76MJU;
				ENABLE_PREVIEWS = YES;
				GENERATE_INFOPLIST_FILE = NO;
				INFOPLIST_FILE = "Obelisk iOS/Info.plist";
				IPHONEOS_DEPLOYMENT_TARGET = 26.0;
				LD_RUNPATH_SEARCH_PATHS = (
					"$(inherited)",
					"@executable_path/Frameworks",
				);
				MARKETING_VERSION = 1.9.1;
				PRODUCT_BUNDLE_IDENTIFIER = "com.eli.Obelisk-iOS";
				PRODUCT_MODULE_NAME = Obelisk_iOS;
				PRODUCT_NAME = Obelisk;
				SDKROOT = iphoneos;
				STRING_CATALOG_GENERATE_SYMBOLS = YES;
				SWIFT_APPROACHABLE_CONCURRENCY = YES;
				SWIFT_DEFAULT_ACTOR_ISOLATION = MainActor;
				SWIFT_EMIT_LOC_STRINGS = YES;
				SWIFT_UPCOMING_FEATURE_MEMBER_IMPORT_VISIBILITY = YES;
				SWIFT_VERSION = 6.0;
				TARGETED_DEVICE_FAMILY = "1,2";
			};
			name = Debug;
		};
		45BDB2643005C8A9000021E6 /* Release */ = {
			isa = XCBuildConfiguration;
			buildSettings = {
				ASSETCATALOG_COMPILER_APPICON_NAME = Obelisk;
				ASSETCATALOG_COMPILER_GLOBAL_ACCENT_COLOR_NAME = AccentColor;
				CODE_SIGN_STYLE = Automatic;
				CURRENT_PROJECT_VERSION = 2;
				DEVELOPMENT_TEAM = 5Q5QT76MJU;
				ENABLE_PREVIEWS = YES;
				GENERATE_INFOPLIST_FILE = NO;
				INFOPLIST_FILE = "Obelisk iOS/Info.plist";
				IPHONEOS_DEPLOYMENT_TARGET = 26.0;
				LD_RUNPATH_SEARCH_PATHS = (
					"$(inherited)",
					"@executable_path/Frameworks",
				);
				MARKETING_VERSION = 1.9.1;
				PRODUCT_BUNDLE_IDENTIFIER = "com.eli.Obelisk-iOS";
				PRODUCT_MODULE_NAME = Obelisk_iOS;
				PRODUCT_NAME = Obelisk;
				SDKROOT = iphoneos;
				STRING_CATALOG_GENERATE_SYMBOLS = YES;
				SWIFT_APPROACHABLE_CONCURRENCY = YES;
				SWIFT_DEFAULT_ACTOR_ISOLATION = MainActor;
				SWIFT_EMIT_LOC_STRINGS = YES;
				SWIFT_UPCOMING_FEATURE_MEMBER_IMPORT_VISIBILITY = YES;
				SWIFT_VERSION = 6.0;
				TARGETED_DEVICE_FAMILY = "1,2";
				VALIDATE_PRODUCT = YES;
			};
			name = Release;
		};
		45BDB2653005C8A9000021E6 /* Debug */ = {
			isa = XCBuildConfiguration;
			buildSettings = {
				BUNDLE_LOADER = "$(TEST_HOST)";
				CODE_SIGN_STYLE = Automatic;
				CURRENT_PROJECT_VERSION = 1;
				DEVELOPMENT_TEAM = 5Q5QT76MJU;
				GENERATE_INFOPLIST_FILE = YES;
				IPHONEOS_DEPLOYMENT_TARGET = 26.0;
				MARKETING_VERSION = 1.0;
				PRODUCT_BUNDLE_IDENTIFIER = "com.eli.Obelisk-iOSTests";
				PRODUCT_NAME = "$(TARGET_NAME)";
				SDKROOT = iphoneos;
				STRING_CATALOG_GENERATE_SYMBOLS = NO;
				SWIFT_APPROACHABLE_CONCURRENCY = YES;
				SWIFT_EMIT_LOC_STRINGS = NO;
				SWIFT_UPCOMING_FEATURE_MEMBER_IMPORT_VISIBILITY = YES;
				SWIFT_VERSION = 6.0;
				TARGETED_DEVICE_FAMILY = "1,2";
				TEST_HOST = "$(BUILT_PRODUCTS_DIR)/Obelisk.app/$(BUNDLE_EXECUTABLE_FOLDER_PATH)/Obelisk";
			};
			name = Debug;
		};
		45BDB2663005C8A9000021E6 /* Release */ = {
			isa = XCBuildConfiguration;
			buildSettings = {
				BUNDLE_LOADER = "$(TEST_HOST)";
				CODE_SIGN_STYLE = Automatic;
				CURRENT_PROJECT_VERSION = 1;
				DEVELOPMENT_TEAM = 5Q5QT76MJU;
				GENERATE_INFOPLIST_FILE = YES;
				IPHONEOS_DEPLOYMENT_TARGET = 26.0;
				MARKETING_VERSION = 1.0;
				PRODUCT_BUNDLE_IDENTIFIER = "com.eli.Obelisk-iOSTests";
				PRODUCT_NAME = "$(TARGET_NAME)";
				SDKROOT = iphoneos;
				STRING_CATALOG_GENERATE_SYMBOLS = NO;
				SWIFT_APPROACHABLE_CONCURRENCY = YES;
				SWIFT_EMIT_LOC_STRINGS = NO;
				SWIFT_UPCOMING_FEATURE_MEMBER_IMPORT_VISIBILITY = YES;
				SWIFT_VERSION = 6.0;
				TARGETED_DEVICE_FAMILY = "1,2";
				TEST_HOST = "$(BUILT_PRODUCTS_DIR)/Obelisk.app/$(BUNDLE_EXECUTABLE_FOLDER_PATH)/Obelisk";
				VALIDATE_PRODUCT = YES;
			};
			name = Release;
		};
		45BDB2673005C8A9000021E6 /* Debug */ = {
			isa = XCBuildConfiguration;
			buildSettings = {
				CODE_SIGN_STYLE = Automatic;
				CURRENT_PROJECT_VERSION = 1;
				DEVELOPMENT_TEAM = 5Q5QT76MJU;
				GENERATE_INFOPLIST_FILE = YES;
				IPHONEOS_DEPLOYMENT_TARGET = 26.0;
				MARKETING_VERSION = 1.0;
				PRODUCT_BUNDLE_IDENTIFIER = "com.eli.Obelisk-iOSUITests";
				PRODUCT_NAME = "$(TARGET_NAME)";
				SDKROOT = iphoneos;
				STRING_CATALOG_GENERATE_SYMBOLS = NO;
				SWIFT_APPROACHABLE_CONCURRENCY = YES;
				SWIFT_EMIT_LOC_STRINGS = NO;
				SWIFT_UPCOMING_FEATURE_MEMBER_IMPORT_VISIBILITY = YES;
				SWIFT_VERSION = 6.0;
				TARGETED_DEVICE_FAMILY = "1,2";
				TEST_TARGET_NAME = "Obelisk iOS";
			};
			name = Debug;
		};
		45BDB2683005C8A9000021E6 /* Release */ = {
			isa = XCBuildConfiguration;
			buildSettings = {
				CODE_SIGN_STYLE = Automatic;
				CURRENT_PROJECT_VERSION = 1;
				DEVELOPMENT_TEAM = 5Q5QT76MJU;
				GENERATE_INFOPLIST_FILE = YES;
				IPHONEOS_DEPLOYMENT_TARGET = 26.0;
				MARKETING_VERSION = 1.0;
				PRODUCT_BUNDLE_IDENTIFIER = "com.eli.Obelisk-iOSUITests";
				PRODUCT_NAME = "$(TARGET_NAME)";
				SDKROOT = iphoneos;
				STRING_CATALOG_GENERATE_SYMBOLS = NO;
				SWIFT_APPROACHABLE_CONCURRENCY = YES;
				SWIFT_EMIT_LOC_STRINGS = NO;
				SWIFT_UPCOMING_FEATURE_MEMBER_IMPORT_VISIBILITY = YES;
				SWIFT_VERSION = 6.0;
				TARGETED_DEVICE_FAMILY = "1,2";
				TEST_TARGET_NAME = "Obelisk iOS";
				VALIDATE_PRODUCT = YES;
			};
			name = Release;
		};
/* End XCBuildConfiguration section */

/* Begin XCConfigurationList section */
		45B26F112FC4874D009BAE8A /* Build configuration list for PBXProject "Obelisk" */ = {
			isa = XCConfigurationList;
			buildConfigurations = (
				45B26F352FC4874D009BAE8A /* Debug */,
				45B26F362FC4874D009BAE8A /* Release */,
			);
			defaultConfigurationIsVisible = 0;
			defaultConfigurationName = Release;
		};
		45B26F372FC4874E009BAE8A /* Build configuration list for PBXNativeTarget "Obelisk" */ = {
			isa = XCConfigurationList;
			buildConfigurations = (
				45B26F382FC4874E009BAE8A /* Debug */,
				45B26F392FC4874E009BAE8A /* Release */,
			);
			defaultConfigurationIsVisible = 0;
			defaultConfigurationName = Release;
		};
		45B26F3A2FC4874E009BAE8A /* Build configuration list for PBXNativeTarget "ObeliskTests" */ = {
			isa = XCConfigurationList;
			buildConfigurations = (
				45B26F3B2FC4874E009BAE8A /* Debug */,
				45B26F3C2FC4874E009BAE8A /* Release */,
			);
			defaultConfigurationIsVisible = 0;
			defaultConfigurationName = Release;
		};
		45B26F3D2FC4874E009BAE8A /* Build configuration list for PBXNativeTarget "ObeliskUITests" */ = {
			isa = XCConfigurationList;
			buildConfigurations = (
				45B26F3E2FC4874E009BAE8A /* Debug */,
				45B26F3F2FC4874E009BAE8A /* Release */,
			);
			defaultConfigurationIsVisible = 0;
			defaultConfigurationName = Release;
		};
		45BDB2693005C8A9000021E6 /* Build configuration list for PBXNativeTarget "Obelisk iOS" */ = {
			isa = XCConfigurationList;
			buildConfigurations = (
				45BDB2633005C8A9000021E6 /* Debug */,
				45BDB2643005C8A9000021E6 /* Release */,
			);
			defaultConfigurationIsVisible = 0;
			defaultConfigurationName = Release;
		};
		45BDB26A3005C8A9000021E6 /* Build configuration list for PBXNativeTarget "Obelisk iOSTests" */ = {
			isa = XCConfigurationList;
			buildConfigurations = (
				45BDB2653005C8A9000021E6 /* Debug */,
				45BDB2663005C8A9000021E6 /* Release */,
			);
			defaultConfigurationIsVisible = 0;
			defaultConfigurationName = Release;
		};
		45BDB26B3005C8A9000021E6 /* Build configuration list for PBXNativeTarget "Obelisk iOSUITests" */ = {
			isa = XCConfigurationList;
			buildConfigurations = (
				45BDB2673005C8A9000021E6 /* Debug */,
				45BDB2683005C8A9000021E6 /* Release */,
			);
			defaultConfigurationIsVisible = 0;
			defaultConfigurationName = Release;
		};
/* End XCConfigurationList section */

/* Begin XCLocalSwiftPackageReference section */
		E10B00013005D00000000001 /* XCLocalSwiftPackageReference "Packages/ObeliskKit" */ = {
			isa = XCLocalSwiftPackageReference;
			relativePath = Packages/ObeliskKit;
		};
/* End XCLocalSwiftPackageReference section */

/* Begin XCRemoteSwiftPackageReference section */
		E1KS00012FC4A00100000001 /* XCRemoteSwiftPackageReference "KeyboardShortcuts" */ = {
			isa = XCRemoteSwiftPackageReference;
			repositoryURL = "https://github.com/sindresorhus/KeyboardShortcuts";
			requirement = {
				kind = upToNextMajorVersion;
				minimumVersion = 2.0.0;
			};
		};
		E1SP00012FC4A00100000001 /* XCRemoteSwiftPackageReference "Sparkle" */ = {
			isa = XCRemoteSwiftPackageReference;
			repositoryURL = "https://github.com/sparkle-project/Sparkle";
			requirement = {
				kind = upToNextMajorVersion;
				minimumVersion = 2.0.0;
			};
		};
/* End XCRemoteSwiftPackageReference section */

/* Begin XCSwiftPackageProductDependency section */
		E10B00023005D00000000002 /* ObeliskCore */ = {
			isa = XCSwiftPackageProductDependency;
			package = E10B00013005D00000000001 /* XCLocalSwiftPackageReference "Packages/ObeliskKit" */;
			productName = ObeliskCore;
		};
		E10B00033005D00000000003 /* ObeliskData */ = {
			isa = XCSwiftPackageProductDependency;
			package = E10B00013005D00000000001 /* XCLocalSwiftPackageReference "Packages/ObeliskKit" */;
			productName = ObeliskData;
		};
		E10B00043005D00000000004 /* ObeliskSync */ = {
			isa = XCSwiftPackageProductDependency;
			package = E10B00013005D00000000001 /* XCLocalSwiftPackageReference "Packages/ObeliskKit" */;
			productName = ObeliskSync;
		};
		E10B00053005D00000000005 /* ObeliskCore */ = {
			isa = XCSwiftPackageProductDependency;
			package = E10B00013005D00000000001 /* XCLocalSwiftPackageReference "Packages/ObeliskKit" */;
			productName = ObeliskCore;
		};
		E10B00063005D00000000006 /* ObeliskData */ = {
			isa = XCSwiftPackageProductDependency;
			package = E10B00013005D00000000001 /* XCLocalSwiftPackageReference "Packages/ObeliskKit" */;
			productName = ObeliskData;
		};
		E10B00073005D00000000007 /* ObeliskSync */ = {
			isa = XCSwiftPackageProductDependency;
			package = E10B00013005D00000000001 /* XCLocalSwiftPackageReference "Packages/ObeliskKit" */;
			productName = ObeliskSync;
		};
		E1KS00022FC4A00100000002 /* KeyboardShortcuts */ = {
			isa = XCSwiftPackageProductDependency;
			package = E1KS00012FC4A00100000001 /* XCRemoteSwiftPackageReference "KeyboardShortcuts" */;
			productName = KeyboardShortcuts;
		};
		E1SP00022FC4A00100000002 /* Sparkle */ = {
			isa = XCSwiftPackageProductDependency;
			package = E1SP00012FC4A00100000001 /* XCRemoteSwiftPackageReference "Sparkle" */;
			productName = Sparkle;
		};
/* End XCSwiftPackageProductDependency section */
	};
	rootObject = 45B26F0E2FC4874D009BAE8A /* Project object */;
}
